// !$*UTF8*$!
{
	archiveVersion = 1;
	classes = {
	};
	objectVersion = 50;
	objects = {

/* Begin PBXBuildFile section */
		930458F6241A315500ADC73A /* View_1_ViewController.swift in Sources */ = {isa = PBXBuildFile; fileRef = 930458F5241A315500ADC73A /* View_1_ViewController.swift */; };
		93184EE12425AC740089EE15 /* View_1_2_ViewController.swift in Sources */ = {isa = PBXBuildFile; fileRef = 93184EE02425AC740089EE15 /* View_1_2_ViewController.swift */; };
		9329096224C9A150008906CD /* DoNotCalculate.png in Resources */ = {isa = PBXBuildFile; fileRef = 9329096124C9A150008906CD /* DoNotCalculate.png */; };
		9329096424C9A495008906CD /* DoNotCalculate_2.png in Resources */ = {isa = PBXBuildFile; fileRef = 9329096324C9A495008906CD /* DoNotCalculate_2.png */; };
		9329096624C9AA04008906CD /* DoNotCalculate4.png in Resources */ = {isa = PBXBuildFile; fileRef = 9329096524C9AA04008906CD /* DoNotCalculate4.png */; };
		9329096824C9AA31008906CD /* DoNotCalculate3.png in Resources */ = {isa = PBXBuildFile; fileRef = 9329096724C9AA31008906CD /* DoNotCalculate3.png */; };
		9329096A24C9B1B7008906CD /* DoNotCalculate_final.png in Resources */ = {isa = PBXBuildFile; fileRef = 9329096924C9B1B7008906CD /* DoNotCalculate_final.png */; };
		9331EA8A241B41FB0072A01B /* View_2_2_ViewController.swift in Sources */ = {isa = PBXBuildFile; fileRef = 9331EA89241B41FB0072A01B /* View_2_2_ViewController.swift */; };
		9331EA8E241B448D0072A01B /* View_2_3_ViewController.swift in Sources */ = {isa = PBXBuildFile; fileRef = 9331EA8D241B448D0072A01B /* View_2_3_ViewController.swift */; };
		9331EA90241B449B0072A01B /* View_2_4_ViewController.swift in Sources */ = {isa = PBXBuildFile; fileRef = 9331EA8F241B449B0072A01B /* View_2_4_ViewController.swift */; };
		9337B91624B6CB3D000AB51F /* AlertExtension.swift in Sources */ = {isa = PBXBuildFile; fileRef = 9337B91524B6CB3D000AB51F /* AlertExtension.swift */; };
		9343F03224B6C9F30030EB29 /* final_2_1.png in Resources */ = {isa = PBXBuildFile; fileRef = 9343F01B24B6C9E70030EB29 /* final_2_1.png */; };
		9343F03324B6C9F30030EB29 /* final_1.png in Resources */ = {isa = PBXBuildFile; fileRef = 9343F01C24B6C9E80030EB29 /* final_1.png */; };
		9343F03424B6C9F30030EB29 /* final_6.png in Resources */ = {isa = PBXBuildFile; fileRef = 9343F01D24B6C9E80030EB29 /* final_6.png */; };
		9343F03524B6C9F30030EB29 /* logo.jpg in Resources */ = {isa = PBXBuildFile; fileRef = 9343F01E24B6C9E90030EB29 /* logo.jpg */; };
		9343F03624B6C9F30030EB29 /* final_1_2.png in Resources */ = {isa = PBXBuildFile; fileRef = 9343F01F24B6C9E90030EB29 /* final_1_2.png */; };
		9343F03724B6C9F30030EB29 /* final_4_3.png in Resources */ = {isa = PBXBuildFile; fileRef = 9343F02024B6C9EA0030EB29 /* final_4_3.png */; };
		9343F03824B6C9F30030EB29 /* final_3_1.png in Resources */ = {isa = PBXBuildFile; fileRef = 9343F02124B6C9EA0030EB29 /* final_3_1.png */; };
		9343F03924B6C9F30030EB29 /* final_4.png in Resources */ = {isa = PBXBuildFile; fileRef = 9343F02224B6C9EB0030EB29 /* final_4.png */; };
		9343F03A24B6C9F30030EB29 /* final_2_3.png in Resources */ = {isa = PBXBuildFile; fileRef = 9343F02324B6C9EB0030EB29 /* final_2_3.png */; };
		9343F03B24B6C9F30030EB29 /* final_3_2.png in Resources */ = {isa = PBXBuildFile; fileRef = 9343F02424B6C9EC0030EB29 /* final_3_2.png */; };
		9343F03C24B6C9F30030EB29 /* final_2_4.png in Resources */ = {isa = PBXBuildFile; fileRef = 9343F02524B6C9ED0030EB29 /* final_2_4.png */; };
		9343F03D24B6C9F30030EB29 /* final_8_1.png in Resources */ = {isa = PBXBuildFile; fileRef = 9343F02624B6C9ED0030EB29 /* final_8_1.png */; };
		9343F03E24B6C9F30030EB29 /* final_7_2.PNG in Resources */ = {isa = PBXBuildFile; fileRef = 9343F02724B6C9EE0030EB29 /* final_7_2.PNG */; };
		9343F03F24B6C9F30030EB29 /* final_3.png in Resources */ = {isa = PBXBuildFile; fileRef = 9343F02824B6C9EE0030EB29 /* final_3.png */; };
		9343F04024B6C9F30030EB29 /* final_5_2.PNG in Resources */ = {isa = PBXBuildFile; fileRef = 9343F02924B6C9EF0030EB29 /* final_5_2.PNG */; };
		9343F04124B6C9F30030EB29 /* final_4_1.png in Resources */ = {isa = PBXBuildFile; fileRef = 9343F02A24B6C9EF0030EB29 /* final_4_1.png */; };
		9343F04224B6C9F30030EB29 /* final_7.png in Resources */ = {isa = PBXBuildFile; fileRef = 9343F02B24B6C9F00030EB29 /* final_7.png */; };
		9343F04324B6C9F30030EB29 /* final_8.png in Resources */ = {isa = PBXBuildFile; fileRef = 9343F02C24B6C9F00030EB29 /* final_8.png */; };
		9343F04424B6C9F30030EB29 /* final_2.png in Resources */ = {isa = PBXBuildFile; fileRef = 9343F02D24B6C9F10030EB29 /* final_2.png */; };
		9343F04524B6C9F30030EB29 /* final_8_2.png in Resources */ = {isa = PBXBuildFile; fileRef = 9343F02E24B6C9F10030EB29 /* final_8_2.png */; };
		9343F04624B6C9F30030EB29 /* final_5.png in Resources */ = {isa = PBXBuildFile; fileRef = 9343F02F24B6C9F20030EB29 /* final_5.png */; };
		9343F04724B6C9F30030EB29 /* final_2_2.png in Resources */ = {isa = PBXBuildFile; fileRef = 9343F03024B6C9F20030EB29 /* final_2_2.png */; };
		9343F04824B6C9F30030EB29 /* final_4_2.png in Resources */ = {isa = PBXBuildFile; fileRef = 9343F03124B6C9F30030EB29 /* final_4_2.png */; };
		936598C82433526600DCAC99 /* KakaoLink.framework in Frameworks */ = {isa = PBXBuildFile; fileRef = 936598C52433526600DCAC99 /* KakaoLink.framework */; };
		936598CA2433526600DCAC99 /* KakaoCommon.framework in Frameworks */ = {isa = PBXBuildFile; fileRef = 936598C62433526600DCAC99 /* KakaoCommon.framework */; };
		936598CC2433526600DCAC99 /* KakaoOpenSDK.framework in Frameworks */ = {isa = PBXBuildFile; fileRef = 936598C72433526600DCAC99 /* KakaoOpenSDK.framework */; };
		936F4F24242C889700E78644 /* View_3_1_ViewController.swift in Sources */ = {isa = PBXBuildFile; fileRef = 936F4F23242C889700E78644 /* View_3_1_ViewController.swift */; };
		936F4F26242C88C400E78644 /* View_3_2_ViewController.swift in Sources */ = {isa = PBXBuildFile; fileRef = 936F4F25242C88C400E78644 /* View_3_2_ViewController.swift */; };
		936F4F28242C88DC00E78644 /* View_4_1_ViewController.swift in Sources */ = {isa = PBXBuildFile; fileRef = 936F4F27242C88DC00E78644 /* View_4_1_ViewController.swift */; };
		936F4F2A242C88ED00E78644 /* View_4_2_ViewController.swift in Sources */ = {isa = PBXBuildFile; fileRef = 936F4F29242C88ED00E78644 /* View_4_2_ViewController.swift */; };
		936F4F2C242C88FE00E78644 /* View_4_3_ViewController.swift in Sources */ = {isa = PBXBuildFile; fileRef = 936F4F2B242C88FE00E78644 /* View_4_3_ViewController.swift */; };
		936F4F2E242C891400E78644 /* View_5_1_ViewController.swift in Sources */ = {isa = PBXBuildFile; fileRef = 936F4F2D242C891400E78644 /* View_5_1_ViewController.swift */; };
		936F4F30242C892700E78644 /* View_6_ViewController.swift in Sources */ = {isa = PBXBuildFile; fileRef = 936F4F2F242C892700E78644 /* View_6_ViewController.swift */; };
		936F4F32242C893500E78644 /* View_7_1_ViewController.swift in Sources */ = {isa = PBXBuildFile; fileRef = 936F4F31242C893500E78644 /* View_7_1_ViewController.swift */; };
		936F4F34242C894300E78644 /* View_8_1_ViewController.swift in Sources */ = {isa = PBXBuildFile; fileRef = 936F4F33242C894300E78644 /* View_8_1_ViewController.swift */; };
		936F4F36242C895100E78644 /* View_8_2_ViewController.swift in Sources */ = {isa = PBXBuildFile; fileRef = 936F4F35242C895100E78644 /* View_8_2_ViewController.swift */; };
		936F4F38242C8AAD00E78644 /* View_nomal_ViewController.swift in Sources */ = {isa = PBXBuildFile; fileRef = 936F4F37242C8AAD00E78644 /* View_nomal_ViewController.swift */; };
		93765C8A243366B0005C006A /* KakaoMessageTemplate.framework in Frameworks */ = {isa = PBXBuildFile; fileRef = 93765C89243366B0005C006A /* KakaoMessageTemplate.framework */; };
		93765C8F243386E9005C006A /* StoryLinkHelper.swift in Sources */ = {isa = PBXBuildFile; fileRef = 93765C8E243386E9005C006A /* StoryLinkHelper.swift */; };
		937E54D0243617E700CCBB37 /* View_7_ViewController.swift in Sources */ = {isa = PBXBuildFile; fileRef = 937E54CF243617E700CCBB37 /* View_7_ViewController.swift */; };
		937E54D22436198700CCBB37 /* View_7_2_ViewController.swift in Sources */ = {isa = PBXBuildFile; fileRef = 937E54D12436198700CCBB37 /* View_7_2_ViewController.swift */; };
		937FC3C4241B276D00848EBD /* View_2_ViewController.swift in Sources */ = {isa = PBXBuildFile; fileRef = 937FC3C3241B276D00848EBD /* View_2_ViewController.swift */; };
		937FC3C6241B2BA000848EBD /* View_3_ViewController.swift in Sources */ = {isa = PBXBuildFile; fileRef = 937FC3C5241B2BA000848EBD /* View_3_ViewController.swift */; };
		937FC3CC241B32E200848EBD /* View_4_ViewController.swift in Sources */ = {isa = PBXBuildFile; fileRef = 937FC3CB241B32E200848EBD /* View_4_ViewController.swift */; };
		937FC3CE241B346800848EBD /* View_8_ViewController.swift in Sources */ = {isa = PBXBuildFile; fileRef = 937FC3CD241B346800848EBD /* View_8_ViewController.swift */; };
		93802E9E243E024F00CEBD59 /* View_5_2_ViewController.swift in Sources */ = {isa = PBXBuildFile; fileRef = 93802E9D243E024F00CEBD59 /* View_5_2_ViewController.swift */; };
		93802EA0243E027600CEBD59 /* View_5_ViewController.swift in Sources */ = {isa = PBXBuildFile; fileRef = 93802E9F243E027600CEBD59 /* View_5_ViewController.swift */; };
		93AA42C624BF76730006594C /* test_5.png in Resources */ = {isa = PBXBuildFile; fileRef = 93AA42BD24BF766E0006594C /* test_5.png */; };
		93AA42C724BF76730006594C /* test_6.png in Resources */ = {isa = PBXBuildFile; fileRef = 93AA42BE24BF766E0006594C /* test_6.png */; };
		93AA42C824BF76730006594C /* test_8.png in Resources */ = {isa = PBXBuildFile; fileRef = 93AA42BF24BF766F0006594C /* test_8.png */; };
		93AA42C924BF76730006594C /* test_4.png in Resources */ = {isa = PBXBuildFile; fileRef = 93AA42C024BF766F0006594C /* test_4.png */; };
		93AA42CA24BF76730006594C /* test_1.png in Resources */ = {isa = PBXBuildFile; fileRef = 93AA42C124BF76700006594C /* test_1.png */; };
		93AA42CB24BF76730006594C /* test_7.png in Resources */ = {isa = PBXBuildFile; fileRef = 93AA42C224BF76710006594C /* test_7.png */; };
		93AA42CC24BF76730006594C /* test_3.png in Resources */ = {isa = PBXBuildFile; fileRef = 93AA42C324BF76710006594C /* test_3.png */; };
		93AA42CD24BF76730006594C /* test_9.png in Resources */ = {isa = PBXBuildFile; fileRef = 93AA42C424BF76710006594C /* test_9.png */; };
		93AA42CE24BF76730006594C /* test_2.png in Resources */ = {isa = PBXBuildFile; fileRef = 93AA42C524BF76720006594C /* test_2.png */; };
		93B2E45924B6C9A200020AAD /* View_2_1_ViewController.swift in Sources */ = {isa = PBXBuildFile; fileRef = 93B2E45824B6C9A200020AAD /* View_2_1_ViewController.swift */; };
		93C8927C24C0557600ECD0EB /* test_8_b.png in Resources */ = {isa = PBXBuildFile; fileRef = 93C8927324C0557200ECD0EB /* test_8_b.png */; };
		93C8927D24C0557600ECD0EB /* test_9_b.png in Resources */ = {isa = PBXBuildFile; fileRef = 93C8927424C0557300ECD0EB /* test_9_b.png */; };
		93C8927E24C0557600ECD0EB /* test_2_b.png in Resources */ = {isa = PBXBuildFile; fileRef = 93C8927524C0557300ECD0EB /* test_2_b.png */; };
		93C8927F24C0557600ECD0EB /* test_3_b.png in Resources */ = {isa = PBXBuildFile; fileRef = 93C8927624C0557400ECD0EB /* test_3_b.png */; };
		93C8928024C0557600ECD0EB /* test_4_b.png in Resources */ = {isa = PBXBuildFile; fileRef = 93C8927724C0557400ECD0EB /* test_4_b.png */; };
		93C8928124C0557600ECD0EB /* test_6_b.png in Resources */ = {isa = PBXBuildFile; fileRef = 93C8927824C0557400ECD0EB /* test_6_b.png */; };
		93C8928224C0557600ECD0EB /* test_1_b.png in Resources */ = {isa = PBXBuildFile; fileRef = 93C8927924C0557500ECD0EB /* test_1_b.png */; };
		93C8928324C0557600ECD0EB /* test_7_b.png in Resources */ = {isa = PBXBuildFile; fileRef = 93C8927A24C0557500ECD0EB /* test_7_b.png */; };
		93C8928424C0557600ECD0EB /* test_5_b.png in Resources */ = {isa = PBXBuildFile; fileRef = 93C8927B24C0557500ECD0EB /* test_5_b.png */; };
		93CC43662423AB4D00A2BEC4 /* View_1_1_ViewController.swift in Sources */ = {isa = PBXBuildFile; fileRef = 93CC43652423AB4D00A2BEC4 /* View_1_1_ViewController.swift */; };
		93D70FF22417BE6D0040F035 /* AppDelegate.swift in Sources */ = {isa = PBXBuildFile; fileRef = 93D70FF12417BE6D0040F035 /* AppDelegate.swift */; };
		93D70FF42417BE6D0040F035 /* SceneDelegate.swift in Sources */ = {isa = PBXBuildFile; fileRef = 93D70FF32417BE6D0040F035 /* SceneDelegate.swift */; };
		93D70FF62417BE6D0040F035 /* ViewController.swift in Sources */ = {isa = PBXBuildFile; fileRef = 93D70FF52417BE6D0040F035 /* ViewController.swift */; };
		93D70FF92417BE6D0040F035 /* Main.storyboard in Resources */ = {isa = PBXBuildFile; fileRef = 93D70FF72417BE6D0040F035 /* Main.storyboard */; };
		93D70FFB2417BE6E0040F035 /* Assets.xcassets in Resources */ = {isa = PBXBuildFile; fileRef = 93D70FFA2417BE6E0040F035 /* Assets.xcassets */; };
		93D70FFE2417BE6E0040F035 /* LaunchScreen.storyboard in Resources */ = {isa = PBXBuildFile; fileRef = 93D70FFC2417BE6E0040F035 /* LaunchScreen.storyboard */; };
		93ED2CF324BFFE3E00613C1C /* icon_3.png in Resources */ = {isa = PBXBuildFile; fileRef = 93ED2CEA24BFFE3B00613C1C /* icon_3.png */; };
		93ED2CF424BFFE3E00613C1C /* icon_7.png in Resources */ = {isa = PBXBuildFile; fileRef = 93ED2CEB24BFFE3B00613C1C /* icon_7.png */; };
		93ED2CF524BFFE3E00613C1C /* icon_6.png in Resources */ = {isa = PBXBuildFile; fileRef = 93ED2CEC24BFFE3C00613C1C /* icon_6.png */; };
		93ED2CF624BFFE3E00613C1C /* icon_8.png in Resources */ = {isa = PBXBuildFile; fileRef = 93ED2CED24BFFE3C00613C1C /* icon_8.png */; };
		93ED2CF724BFFE3E00613C1C /* icon_9.png in Resources */ = {isa = PBXBuildFile; fileRef = 93ED2CEE24BFFE3D00613C1C /* icon_9.png */; };
		93ED2CF824BFFE3E00613C1C /* icon_4.png in Resources */ = {isa = PBXBuildFile; fileRef = 93ED2CEF24BFFE3D00613C1C /* icon_4.png */; };
		93ED2CF924BFFE3E00613C1C /* icon_5.png in Resources */ = {isa = PBXBuildFile; fileRef = 93ED2CF024BFFE3D00613C1C /* icon_5.png */; };
		93ED2CFA24BFFE3E00613C1C /* icon_2.png in Resources */ = {isa = PBXBuildFile; fileRef = 93ED2CF124BFFE3E00613C1C /* icon_2.png */; };
		93ED2CFB24BFFE3E00613C1C /* icon_1.png in Resources */ = {isa = PBXBuildFile; fileRef = 93ED2CF224BFFE3E00613C1C /* icon_1.png */; };
		93ED2CFD24C0010D00613C1C /* icon_2_2.jpg in Resources */ = {isa = PBXBuildFile; fileRef = 93ED2CFC24C0010D00613C1C /* icon_2_2.jpg */; };
		93FB645D243CB1CC00A30B34 /* custom_4.ttf in Resources */ = {isa = PBXBuildFile; fileRef = 93FB6459243CB1CC00A30B34 /* custom_4.ttf */; };
		93FB645E243CB1CC00A30B34 /* custom_3.ttf in Resources */ = {isa = PBXBuildFile; fileRef = 93FB645A243CB1CC00A30B34 /* custom_3.ttf */; };
		93FB645F243CB1CC00A30B34 /* custom_2.ttf in Resources */ = {isa = PBXBuildFile; fileRef = 93FB645B243CB1CC00A30B34 /* custom_2.ttf */; };
		93FB6460243CB1CC00A30B34 /* custom_1.ttf in Resources */ = {isa = PBXBuildFile; fileRef = 93FB645C243CB1CC00A30B34 /* custom_1.ttf */; };
		93FB6462243CB36F00A30B34 /* custom_5.otf in Resources */ = {isa = PBXBuildFile; fileRef = 93FB6461243CB36E00A30B34 /* custom_5.otf */; };
/* End PBXBuildFile section */

/* Begin PBXFileReference section */
		930458F5241A315500ADC73A /* View_1_ViewController.swift */ = {isa = PBXFileReference; lastKnownFileType = sourcecode.swift; path = View_1_ViewController.swift; sourceTree = "<group>"; };
		93184EE02425AC740089EE15 /* View_1_2_ViewController.swift */ = {isa = PBXFileReference; lastKnownFileType = sourcecode.swift; path = View_1_2_ViewController.swift; sourceTree = "<group>"; };
		9329096124C9A150008906CD /* DoNotCalculate.png */ = {isa = PBXFileReference; lastKnownFileType = image.png; name = DoNotCalculate.png; path = "계산기+ 이미지/TEST/DoNotCalculate.png"; sourceTree = SOURCE_ROOT; };
		9329096324C9A495008906CD /* DoNotCalculate_2.png */ = {isa = PBXFileReference; lastKnownFileType = image.png; name = DoNotCalculate_2.png; path = "계산기+ 이미지/TEST/DoNotCalculate_2.png"; sourceTree = SOURCE_ROOT; };
		9329096524C9AA04008906CD /* DoNotCalculate4.png */ = {isa = PBXFileReference; lastKnownFileType = image.png; name = DoNotCalculate4.png; path = "계산기+ 이미지/TEST/DoNotCalculate4.png"; sourceTree = SOURCE_ROOT; };
		9329096724C9AA31008906CD /* DoNotCalculate3.png */ = {isa = PBXFileReference; lastKnownFileType = image.png; name = DoNotCalculate3.png; path = "계산기+ 이미지/TEST/DoNotCalculate3.png"; sourceTree = SOURCE_ROOT; };
		9329096924C9B1B7008906CD /* DoNotCalculate_final.png */ = {isa = PBXFileReference; lastKnownFileType = image.png; name = DoNotCalculate_final.png; path = "계산기+ 이미지/TEST/DoNotCalculate_final.png"; sourceTree = SOURCE_ROOT; };
		9331EA89241B41FB0072A01B /* View_2_2_ViewController.swift */ = {isa = PBXFileReference; lastKnownFileType = sourcecode.swift; path = View_2_2_ViewController.swift; sourceTree = "<group>"; };
		9331EA8D241B448D0072A01B /* View_2_3_ViewController.swift */ = {isa = PBXFileReference; lastKnownFileType = sourcecode.swift; path = View_2_3_ViewController.swift; sourceTree = "<group>"; };
		9331EA8F241B449B0072A01B /* View_2_4_ViewController.swift */ = {isa = PBXFileReference; lastKnownFileType = sourcecode.swift; path = View_2_4_ViewController.swift; sourceTree = "<group>"; };
		9337B91524B6CB3D000AB51F /* AlertExtension.swift */ = {isa = PBXFileReference; fileEncoding = 4; lastKnownFileType = sourcecode.swift; path = AlertExtension.swift; sourceTree = SOURCE_ROOT; };
		9343F01B24B6C9E70030EB29 /* final_2_1.png */ = {isa = PBXFileReference; lastKnownFileType = image.png; name = final_2_1.png; path = "계산기+ 이미지/final/final_2_1.png"; sourceTree = SOURCE_ROOT; };
		9343F01C24B6C9E80030EB29 /* final_1.png */ = {isa = PBXFileReference; lastKnownFileType = image.png; name = final_1.png; path = "계산기+ 이미지/final/final_1.png"; sourceTree = SOURCE_ROOT; };
		9343F01D24B6C9E80030EB29 /* final_6.png */ = {isa = PBXFileReference; lastKnownFileType = image.png; name = final_6.png; path = "계산기+ 이미지/final/final_6.png"; sourceTree = SOURCE_ROOT; };
		9343F01E24B6C9E90030EB29 /* logo.jpg */ = {isa = PBXFileReference; lastKnownFileType = image.jpeg; name = logo.jpg; path = "계산기+ 이미지/final/logo.jpg"; sourceTree = SOURCE_ROOT; };
		9343F01F24B6C9E90030EB29 /* final_1_2.png */ = {isa = PBXFileReference; lastKnownFileType = image.png; name = final_1_2.png; path = "계산기+ 이미지/final/final_1_2.png"; sourceTree = SOURCE_ROOT; };
		9343F02024B6C9EA0030EB29 /* final_4_3.png */ = {isa = PBXFileReference; lastKnownFileType = image.png; name = final_4_3.png; path = "계산기+ 이미지/final/final_4_3.png"; sourceTree = SOURCE_ROOT; };
		9343F02124B6C9EA0030EB29 /* final_3_1.png */ = {isa = PBXFileReference; lastKnownFileType = image.png; name = final_3_1.png; path = "계산기+ 이미지/final/final_3_1.png"; sourceTree = SOURCE_ROOT; };
		9343F02224B6C9EB0030EB29 /* final_4.png */ = {isa = PBXFileReference; lastKnownFileType = image.png; name = final_4.png; path = "계산기+ 이미지/final/final_4.png"; sourceTree = SOURCE_ROOT; };
		9343F02324B6C9EB0030EB29 /* final_2_3.png */ = {isa = PBXFileReference; lastKnownFileType = image.png; name = final_2_3.png; path = "계산기+ 이미지/final/final_2_3.png"; sourceTree = SOURCE_ROOT; };
		9343F02424B6C9EC0030EB29 /* final_3_2.png */ = {isa = PBXFileReference; lastKnownFileType = image.png; name = final_3_2.png; path = "계산기+ 이미지/final/final_3_2.png"; sourceTree = SOURCE_ROOT; };
		9343F02524B6C9ED0030EB29 /* final_2_4.png */ = {isa = PBXFileReference; lastKnownFileType = image.png; name = final_2_4.png; path = "계산기+ 이미지/final/final_2_4.png"; sourceTree = SOURCE_ROOT; };
		9343F02624B6C9ED0030EB29 /* final_8_1.png */ = {isa = PBXFileReference; lastKnownFileType = image.png; name = final_8_1.png; path = "계산기+ 이미지/final/final_8_1.png"; sourceTree = SOURCE_ROOT; };
		9343F02724B6C9EE0030EB29 /* final_7_2.PNG */ = {isa = PBXFileReference; lastKnownFileType = image.png; name = final_7_2.PNG; path = "계산기+ 이미지/final/final_7_2.PNG"; sourceTree = SOURCE_ROOT; };
		9343F02824B6C9EE0030EB29 /* final_3.png */ = {isa = PBXFileReference; lastKnownFileType = image.png; name = final_3.png; path = "계산기+ 이미지/final/final_3.png"; sourceTree = SOURCE_ROOT; };
		9343F02924B6C9EF0030EB29 /* final_5_2.PNG */ = {isa = PBXFileReference; lastKnownFileType = image.png; name = final_5_2.PNG; path = "계산기+ 이미지/final/final_5_2.PNG"; sourceTree = SOURCE_ROOT; };
		9343F02A24B6C9EF0030EB29 /* final_4_1.png */ = {isa = PBXFileReference; lastKnownFileType = image.png; name = final_4_1.png; path = "계산기+ 이미지/final/final_4_1.png"; sourceTree = SOURCE_ROOT; };
		9343F02B24B6C9F00030EB29 /* final_7.png */ = {isa = PBXFileReference; lastKnownFileType = image.png; name = final_7.png; path = "계산기+ 이미지/final/final_7.png"; sourceTree = SOURCE_ROOT; };
		9343F02C24B6C9F00030EB29 /* final_8.png */ = {isa = PBXFileReference; lastKnownFileType = image.png; name = final_8.png; path = "계산기+ 이미지/final/final_8.png"; sourceTree = SOURCE_ROOT; };
		9343F02D24B6C9F10030EB29 /* final_2.png */ = {isa = PBXFileReference; lastKnownFileType = image.png; name = final_2.png; path = "계산기+ 이미지/final/final_2.png"; sourceTree = SOURCE_ROOT; };
		9343F02E24B6C9F10030EB29 /* final_8_2.png */ = {isa = PBXFileReference; lastKnownFileType = image.png; name = final_8_2.png; path = "계산기+ 이미지/final/final_8_2.png"; sourceTree = SOURCE_ROOT; };
		9343F02F24B6C9F20030EB29 /* final_5.png */ = {isa = PBXFileReference; lastKnownFileType = image.png; name = final_5.png; path = "계산기+ 이미지/final/final_5.png"; sourceTree = SOURCE_ROOT; };
		9343F03024B6C9F20030EB29 /* final_2_2.png */ = {isa = PBXFileReference; lastKnownFileType = image.png; name = final_2_2.png; path = "계산기+ 이미지/final/final_2_2.png"; sourceTree = SOURCE_ROOT; };
		9343F03124B6C9F30030EB29 /* final_4_2.png */ = {isa = PBXFileReference; lastKnownFileType = image.png; name = final_4_2.png; path = "계산기+ 이미지/final/final_4_2.png"; sourceTree = SOURCE_ROOT; };
		936598C52433526600DCAC99 /* KakaoLink.framework */ = {isa = PBXFileReference; lastKnownFileType = wrapper.framework; path = KakaoLink.framework; sourceTree = "<group>"; };
		936598C62433526600DCAC99 /* KakaoCommon.framework */ = {isa = PBXFileReference; lastKnownFileType = wrapper.framework; path = KakaoCommon.framework; sourceTree = "<group>"; };
		936598C72433526600DCAC99 /* KakaoOpenSDK.framework */ = {isa = PBXFileReference; lastKnownFileType = wrapper.framework; path = KakaoOpenSDK.framework; sourceTree = "<group>"; };
		936C8CAE24334BF40077473E /* KakaoOpenSDK-Bridging-Header.h */ = {isa = PBXFileReference; lastKnownFileType = sourcecode.c.h; path = "KakaoOpenSDK-Bridging-Header.h"; sourceTree = "<group>"; };
		936F4F23242C889700E78644 /* View_3_1_ViewController.swift */ = {isa = PBXFileReference; lastKnownFileType = sourcecode.swift; path = View_3_1_ViewController.swift; sourceTree = "<group>"; };
		936F4F25242C88C400E78644 /* View_3_2_ViewController.swift */ = {isa = PBXFileReference; lastKnownFileType = sourcecode.swift; path = View_3_2_ViewController.swift; sourceTree = "<group>"; };
		936F4F27242C88DC00E78644 /* View_4_1_ViewController.swift */ = {isa = PBXFileReference; lastKnownFileType = sourcecode.swift; path = View_4_1_ViewController.swift; sourceTree = "<group>"; };
		936F4F29242C88ED00E78644 /* View_4_2_ViewController.swift */ = {isa = PBXFileReference; lastKnownFileType = sourcecode.swift; path = View_4_2_ViewController.swift; sourceTree = "<group>"; };
		936F4F2B242C88FE00E78644 /* View_4_3_ViewController.swift */ = {isa = PBXFileReference; lastKnownFileType = sourcecode.swift; path = View_4_3_ViewController.swift; sourceTree = "<group>"; };
		936F4F2D242C891400E78644 /* View_5_1_ViewController.swift */ = {isa = PBXFileReference; lastKnownFileType = sourcecode.swift; path = View_5_1_ViewController.swift; sourceTree = "<group>"; };
		936F4F2F242C892700E78644 /* View_6_ViewController.swift */ = {isa = PBXFileReference; lastKnownFileType = sourcecode.swift; path = View_6_ViewController.swift; sourceTree = "<group>"; };
		936F4F31242C893500E78644 /* View_7_1_ViewController.swift */ = {isa = PBXFileReference; lastKnownFileType = sourcecode.swift; path = View_7_1_ViewController.swift; sourceTree = "<group>"; };
		936F4F33242C894300E78644 /* View_8_1_ViewController.swift */ = {isa = PBXFileReference; lastKnownFileType = sourcecode.swift; path = View_8_1_ViewController.swift; sourceTree = "<group>"; };
		936F4F35242C895100E78644 /* View_8_2_ViewController.swift */ = {isa = PBXFileReference; lastKnownFileType = sourcecode.swift; path = View_8_2_ViewController.swift; sourceTree = "<group>"; };
		936F4F37242C8AAD00E78644 /* View_nomal_ViewController.swift */ = {isa = PBXFileReference; lastKnownFileType = sourcecode.swift; path = View_nomal_ViewController.swift; sourceTree = "<group>"; };
		93765C89243366B0005C006A /* KakaoMessageTemplate.framework */ = {isa = PBXFileReference; lastKnownFileType = wrapper.framework; path = KakaoMessageTemplate.framework; sourceTree = "<group>"; };
		93765C8E243386E9005C006A /* StoryLinkHelper.swift */ = {isa = PBXFileReference; lastKnownFileType = sourcecode.swift; path = StoryLinkHelper.swift; sourceTree = "<group>"; };
		937E54CF243617E700CCBB37 /* View_7_ViewController.swift */ = {isa = PBXFileReference; lastKnownFileType = sourcecode.swift; path = View_7_ViewController.swift; sourceTree = "<group>"; };
		937E54D12436198700CCBB37 /* View_7_2_ViewController.swift */ = {isa = PBXFileReference; lastKnownFileType = sourcecode.swift; path = View_7_2_ViewController.swift; sourceTree = "<group>"; };
		937FC3C3241B276D00848EBD /* View_2_ViewController.swift */ = {isa = PBXFileReference; lastKnownFileType = sourcecode.swift; path = View_2_ViewController.swift; sourceTree = "<group>"; };
		937FC3C5241B2BA000848EBD /* View_3_ViewController.swift */ = {isa = PBXFileReference; lastKnownFileType = sourcecode.swift; path = View_3_ViewController.swift; sourceTree = "<group>"; };
		937FC3CB241B32E200848EBD /* View_4_ViewController.swift */ = {isa = PBXFileReference; lastKnownFileType = sourcecode.swift; path = View_4_ViewController.swift; sourceTree = "<group>"; };
		937FC3CD241B346800848EBD /* View_8_ViewController.swift */ = {isa = PBXFileReference; lastKnownFileType = sourcecode.swift; path = View_8_ViewController.swift; sourceTree = "<group>"; };
		93802E9D243E024F00CEBD59 /* View_5_2_ViewController.swift */ = {isa = PBXFileReference; lastKnownFileType = sourcecode.swift; path = View_5_2_ViewController.swift; sourceTree = "<group>"; };
		93802E9F243E027600CEBD59 /* View_5_ViewController.swift */ = {isa = PBXFileReference; lastKnownFileType = sourcecode.swift; path = View_5_ViewController.swift; sourceTree = "<group>"; };
		93AA42BD24BF766E0006594C /* test_5.png */ = {isa = PBXFileReference; lastKnownFileType = image.png; name = test_5.png; path = "계산기+ 이미지/TEST/test_5.png"; sourceTree = SOURCE_ROOT; };
		93AA42BE24BF766E0006594C /* test_6.png */ = {isa = PBXFileReference; lastKnownFileType = image.png; name = test_6.png; path = "계산기+ 이미지/TEST/test_6.png"; sourceTree = SOURCE_ROOT; };
		93AA42BF24BF766F0006594C /* test_8.png */ = {isa = PBXFileReference; lastKnownFileType = image.png; name = test_8.png; path = "계산기+ 이미지/TEST/test_8.png"; sourceTree = SOURCE_ROOT; };
		93AA42C024BF766F0006594C /* test_4.png */ = {isa = PBXFileReference; lastKnownFileType = image.png; name = test_4.png; path = "계산기+ 이미지/TEST/test_4.png"; sourceTree = SOURCE_ROOT; };
		93AA42C124BF76700006594C /* test_1.png */ = {isa = PBXFileReference; lastKnownFileType = image.png; name = test_1.png; path = "계산기+ 이미지/TEST/test_1.png"; sourceTree = SOURCE_ROOT; };
		93AA42C224BF76710006594C /* test_7.png */ = {isa = PBXFileReference; lastKnownFileType = image.png; name = test_7.png; path = "계산기+ 이미지/TEST/test_7.png"; sourceTree = SOURCE_ROOT; };
		93AA42C324BF76710006594C /* test_3.png */ = {isa = PBXFileReference; lastKnownFileType = image.png; name = test_3.png; path = "계산기+ 이미지/TEST/test_3.png"; sourceTree = SOURCE_ROOT; };
		93AA42C424BF76710006594C /* test_9.png */ = {isa = PBXFileReference; lastKnownFileType = image.png; name = test_9.png; path = "계산기+ 이미지/TEST/test_9.png"; sourceTree = SOURCE_ROOT; };
		93AA42C524BF76720006594C /* test_2.png */ = {isa = PBXFileReference; lastKnownFileType = image.png; name = test_2.png; path = "계산기+ 이미지/TEST/test_2.png"; sourceTree = SOURCE_ROOT; };
		93B2E45824B6C9A200020AAD /* View_2_1_ViewController.swift */ = {isa = PBXFileReference; fileEncoding = 4; lastKnownFileType = sourcecode.swift; path = View_2_1_ViewController.swift; sourceTree = "<group>"; };
		93C8927324C0557200ECD0EB /* test_8_b.png */ = {isa = PBXFileReference; lastKnownFileType = image.png; name = test_8_b.png; path = "계산기+ 이미지/TEST/test_8_b.png"; sourceTree = SOURCE_ROOT; };
		93C8927424C0557300ECD0EB /* test_9_b.png */ = {isa = PBXFileReference; lastKnownFileType = image.png; name = test_9_b.png; path = "계산기+ 이미지/TEST/test_9_b.png"; sourceTree = SOURCE_ROOT; };
		93C8927524C0557300ECD0EB /* test_2_b.png */ = {isa = PBXFileReference; lastKnownFileType = image.png; name = test_2_b.png; path = "계산기+ 이미지/TEST/test_2_b.png"; sourceTree = SOURCE_ROOT; };
		93C8927624C0557400ECD0EB /* test_3_b.png */ = {isa = PBXFileReference; lastKnownFileType = image.png; name = test_3_b.png; path = "계산기+ 이미지/TEST/test_3_b.png"; sourceTree = SOURCE_ROOT; };
		93C8927724C0557400ECD0EB /* test_4_b.png */ = {isa = PBXFileReference; lastKnownFileType = image.png; name = test_4_b.png; path = "계산기+ 이미지/TEST/test_4_b.png"; sourceTree = SOURCE_ROOT; };
		93C8927824C0557400ECD0EB /* test_6_b.png */ = {isa = PBXFileReference; lastKnownFileType = image.png; name = test_6_b.png; path = "계산기+ 이미지/TEST/test_6_b.png"; sourceTree = SOURCE_ROOT; };
		93C8927924C0557500ECD0EB /* test_1_b.png */ = {isa = PBXFileReference; lastKnownFileType = image.png; name = test_1_b.png; path = "계산기+ 이미지/TEST/test_1_b.png"; sourceTree = SOURCE_ROOT; };
		93C8927A24C0557500ECD0EB /* test_7_b.png */ = {isa = PBXFileReference; lastKnownFileType = image.png; name = test_7_b.png; path = "계산기+ 이미지/TEST/test_7_b.png"; sourceTree = SOURCE_ROOT; };
		93C8927B24C0557500ECD0EB /* test_5_b.png */ = {isa = PBXFileReference; lastKnownFileType = image.png; name = test_5_b.png; path = "계산기+ 이미지/TEST/test_5_b.png"; sourceTree = SOURCE_ROOT; };
		93CC43652423AB4D00A2BEC4 /* View_1_1_ViewController.swift */ = {isa = PBXFileReference; lastKnownFileType = sourcecode.swift; path = View_1_1_ViewController.swift; sourceTree = "<group>"; };
		93D70FEE2417BE6D0040F035 /* 계산하지마!.app */ = {isa = PBXFileReference; explicitFileType = wrapper.application; includeInIndex = 0; path = "계산하지마!.app"; sourceTree = BUILT_PRODUCTS_DIR; };
		93D70FF12417BE6D0040F035 /* AppDelegate.swift */ = {isa = PBXFileReference; lastKnownFileType = sourcecode.swift; path = AppDelegate.swift; sourceTree = "<group>"; };
		93D70FF32417BE6D0040F035 /* SceneDelegate.swift */ = {isa = PBXFileReference; lastKnownFileType = sourcecode.swift; path = SceneDelegate.swift; sourceTree = "<group>"; };
		93D70FF52417BE6D0040F035 /* ViewController.swift */ = {isa = PBXFileReference; lastKnownFileType = sourcecode.swift; path = ViewController.swift; sourceTree = "<group>"; };
		93D70FF82417BE6D0040F035 /* Base */ = {isa = PBXFileReference; lastKnownFileType = file.storyboard; name = Base; path = Base.lproj/Main.storyboard; sourceTree = "<group>"; };
		93D70FFA2417BE6E0040F035 /* Assets.xcassets */ = {isa = PBXFileReference; lastKnownFileType = folder.assetcatalog; path = Assets.xcassets; sourceTree = "<group>"; };
		93D70FFD2417BE6E0040F035 /* Base */ = {isa = PBXFileReference; lastKnownFileType = file.storyboard; name = Base; path = Base.lproj/LaunchScreen.storyboard; sourceTree = "<group>"; };
		93D70FFF2417BE6E0040F035 /* Info.plist */ = {isa = PBXFileReference; lastKnownFileType = text.plist.xml; path = Info.plist; sourceTree = "<group>"; };
		93ED2CEA24BFFE3B00613C1C /* icon_3.png */ = {isa = PBXFileReference; lastKnownFileType = image.png; name = icon_3.png; path = "계산기+ 이미지/TEST/icon_3.png"; sourceTree = SOURCE_ROOT; };
		93ED2CEB24BFFE3B00613C1C /* icon_7.png */ = {isa = PBXFileReference; lastKnownFileType = image.png; name = icon_7.png; path = "계산기+ 이미지/TEST/icon_7.png"; sourceTree = SOURCE_ROOT; };
		93ED2CEC24BFFE3C00613C1C /* icon_6.png */ = {isa = PBXFileReference; lastKnownFileType = image.png; name = icon_6.png; path = "계산기+ 이미지/TEST/icon_6.png"; sourceTree = SOURCE_ROOT; };
		93ED2CED24BFFE3C00613C1C /* icon_8.png */ = {isa = PBXFileReference; lastKnownFileType = image.png; name = icon_8.png; path = "계산기+ 이미지/TEST/icon_8.png"; sourceTree = SOURCE_ROOT; };
		93ED2CEE24BFFE3D00613C1C /* icon_9.png */ = {isa = PBXFileReference; lastKnownFileType = image.png; name = icon_9.png; path = "계산기+ 이미지/TEST/icon_9.png"; sourceTree = SOURCE_ROOT; };
		93ED2CEF24BFFE3D00613C1C /* icon_4.png */ = {isa = PBXFileReference; lastKnownFileType = image.png; name = icon_4.png; path = "계산기+ 이미지/TEST/icon_4.png"; sourceTree = SOURCE_ROOT; };
		93ED2CF024BFFE3D00613C1C /* icon_5.png */ = {isa = PBXFileReference; lastKnownFileType = image.png; name = icon_5.png; path = "계산기+ 이미지/TEST/icon_5.png"; sourceTree = SOURCE_ROOT; };
		93ED2CF124BFFE3E00613C1C /* icon_2.png */ = {isa = PBXFileReference; lastKnownFileType = image.png; name = icon_2.png; path = "계산기+ 이미지/TEST/icon_2.png"; sourceTree = SOURCE_ROOT; };
		93ED2CF224BFFE3E00613C1C /* icon_1.png */ = {isa = PBXFileReference; lastKnownFileType = image.png; name = icon_1.png; path = "계산기+ 이미지/TEST/icon_1.png"; sourceTree = SOURCE_ROOT; };
		93ED2CFC24C0010D00613C1C /* icon_2_2.jpg */ = {isa = PBXFileReference; lastKnownFileType = image.jpeg; name = icon_2_2.jpg; path = "계산기+ 이미지/TEST/icon_2_2.jpg"; sourceTree = SOURCE_ROOT; };
		93FB6459243CB1CC00A30B34 /* custom_4.ttf */ = {isa = PBXFileReference; lastKnownFileType = file; path = custom_4.ttf; sourceTree = "<group>"; };
		93FB645A243CB1CC00A30B34 /* custom_3.ttf */ = {isa = PBXFileReference; lastKnownFileType = file; path = custom_3.ttf; sourceTree = "<group>"; };
		93FB645B243CB1CC00A30B34 /* custom_2.ttf */ = {isa = PBXFileReference; lastKnownFileType = file; path = custom_2.ttf; sourceTree = "<group>"; };
		93FB645C243CB1CC00A30B34 /* custom_1.ttf */ = {isa = PBXFileReference; lastKnownFileType = file; path = custom_1.ttf; sourceTree = "<group>"; };
		93FB6461243CB36E00A30B34 /* custom_5.otf */ = {isa = PBXFileReference; lastKnownFileType = file; path = custom_5.otf; sourceTree = "<group>"; };
/* End PBXFileReference section */

/* Begin PBXFrameworksBuildPhase section */
		93D70FEB2417BE6D0040F035 /* Frameworks */ = {
			isa = PBXFrameworksBuildPhase;
			buildActionMask = 2147483647;
			files = (
				936598C82433526600DCAC99 /* KakaoLink.framework in Frameworks */,
				936598CA2433526600DCAC99 /* KakaoCommon.framework in Frameworks */,
				93765C8A243366B0005C006A /* KakaoMessageTemplate.framework in Frameworks */,
				936598CC2433526600DCAC99 /* KakaoOpenSDK.framework in Frameworks */,
			);
			runOnlyForDeploymentPostprocessing = 0;
		};
/* End PBXFrameworksBuildPhase section */

/* Begin PBXGroup section */
		936598C42433526600DCAC99 /* Frameworks */ = {
			isa = PBXGroup;
			children = (
				93765C89243366B0005C006A /* KakaoMessageTemplate.framework */,
				936598C62433526600DCAC99 /* KakaoCommon.framework */,
				936598C52433526600DCAC99 /* KakaoLink.framework */,
				936598C72433526600DCAC99 /* KakaoOpenSDK.framework */,
			);
			name = Frameworks;
			sourceTree = "<group>";
		};
		93D70FE52417BE6D0040F035 = {
			isa = PBXGroup;
			children = (
				936C8CAE24334BF40077473E /* KakaoOpenSDK-Bridging-Header.h */,
				93D70FF02417BE6D0040F035 /* Calculator Plus */,
				93D70FEF2417BE6D0040F035 /* Products */,
				936598C42433526600DCAC99 /* Frameworks */,
			);
			sourceTree = "<group>";
		};
		93D70FEF2417BE6D0040F035 /* Products */ = {
			isa = PBXGroup;
			children = (
				93D70FEE2417BE6D0040F035 /* 계산하지마!.app */,
			);
			name = Products;
			sourceTree = "<group>";
		};
		93D70FF02417BE6D0040F035 /* Calculator Plus */ = {
			isa = PBXGroup;
			children = (
				93D70FF12417BE6D0040F035 /* AppDelegate.swift */,
				93D70FF32417BE6D0040F035 /* SceneDelegate.swift */,
				93D70FF52417BE6D0040F035 /* ViewController.swift */,
				936F4F37242C8AAD00E78644 /* View_nomal_ViewController.swift */,
				930458F5241A315500ADC73A /* View_1_ViewController.swift */,
				93CC43652423AB4D00A2BEC4 /* View_1_1_ViewController.swift */,
				93184EE02425AC740089EE15 /* View_1_2_ViewController.swift */,
				937FC3C3241B276D00848EBD /* View_2_ViewController.swift */,
				93B2E45824B6C9A200020AAD /* View_2_1_ViewController.swift */,
				9331EA89241B41FB0072A01B /* View_2_2_ViewController.swift */,
				9331EA8D241B448D0072A01B /* View_2_3_ViewController.swift */,
				9331EA8F241B449B0072A01B /* View_2_4_ViewController.swift */,
				937FC3C5241B2BA000848EBD /* View_3_ViewController.swift */,
				936F4F23242C889700E78644 /* View_3_1_ViewController.swift */,
				936F4F25242C88C400E78644 /* View_3_2_ViewController.swift */,
				937FC3CB241B32E200848EBD /* View_4_ViewController.swift */,
				936F4F27242C88DC00E78644 /* View_4_1_ViewController.swift */,
				936F4F29242C88ED00E78644 /* View_4_2_ViewController.swift */,
				936F4F2B242C88FE00E78644 /* View_4_3_ViewController.swift */,
				93802E9F243E027600CEBD59 /* View_5_ViewController.swift */,
				936F4F2D242C891400E78644 /* View_5_1_ViewController.swift */,
				93802E9D243E024F00CEBD59 /* View_5_2_ViewController.swift */,
				936F4F2F242C892700E78644 /* View_6_ViewController.swift */,
				937E54CF243617E700CCBB37 /* View_7_ViewController.swift */,
				936F4F31242C893500E78644 /* View_7_1_ViewController.swift */,
				937E54D12436198700CCBB37 /* View_7_2_ViewController.swift */,
				937FC3CD241B346800848EBD /* View_8_ViewController.swift */,
				936F4F33242C894300E78644 /* View_8_1_ViewController.swift */,
				936F4F35242C895100E78644 /* View_8_2_ViewController.swift */,
				9337B91524B6CB3D000AB51F /* AlertExtension.swift */,
				93765C8E243386E9005C006A /* StoryLinkHelper.swift */,
				93D70FF72417BE6D0040F035 /* Main.storyboard */,
				93D710052417CCAB0040F035 /* img */,
				93D70FFA2417BE6E0040F035 /* Assets.xcassets */,
				93D70FFC2417BE6E0040F035 /* LaunchScreen.storyboard */,
				93D70FFF2417BE6E0040F035 /* Info.plist */,
				93FB6450243CAB8B00A30B34 /* fonts */,
			);
			path = "Calculator Plus";
			sourceTree = "<group>";
		};
		93D710052417CCAB0040F035 /* img */ = {
			isa = PBXGroup;
			children = (
				93C8927924C0557500ECD0EB /* test_1_b.png */,
				93C8927524C0557300ECD0EB /* test_2_b.png */,
				93C8927624C0557400ECD0EB /* test_3_b.png */,
				93C8927724C0557400ECD0EB /* test_4_b.png */,
				93C8927B24C0557500ECD0EB /* test_5_b.png */,
				93C8927824C0557400ECD0EB /* test_6_b.png */,
				93C8927A24C0557500ECD0EB /* test_7_b.png */,
				93C8927324C0557200ECD0EB /* test_8_b.png */,
				93C8927424C0557300ECD0EB /* test_9_b.png */,
				93ED2CFC24C0010D00613C1C /* icon_2_2.jpg */,
				93ED2CF224BFFE3E00613C1C /* icon_1.png */,
				93ED2CF124BFFE3E00613C1C /* icon_2.png */,
				93ED2CEA24BFFE3B00613C1C /* icon_3.png */,
				93ED2CEF24BFFE3D00613C1C /* icon_4.png */,
				93ED2CF024BFFE3D00613C1C /* icon_5.png */,
				93ED2CEC24BFFE3C00613C1C /* icon_6.png */,
				93ED2CEB24BFFE3B00613C1C /* icon_7.png */,
				93ED2CED24BFFE3C00613C1C /* icon_8.png */,
				93ED2CEE24BFFE3D00613C1C /* icon_9.png */,
				93AA42C124BF76700006594C /* test_1.png */,
				93AA42C524BF76720006594C /* test_2.png */,
				93AA42C324BF76710006594C /* test_3.png */,
				93AA42C024BF766F0006594C /* test_4.png */,
				93AA42BD24BF766E0006594C /* test_5.png */,
				93AA42BE24BF766E0006594C /* test_6.png */,
				93AA42C224BF76710006594C /* test_7.png */,
				93AA42BF24BF766F0006594C /* test_8.png */,
				93AA42C424BF76710006594C /* test_9.png */,
				9343F01F24B6C9E90030EB29 /* final_1_2.png */,
				9343F01C24B6C9E80030EB29 /* final_1.png */,
				9343F01B24B6C9E70030EB29 /* final_2_1.png */,
				9343F03024B6C9F20030EB29 /* final_2_2.png */,
				9343F02324B6C9EB0030EB29 /* final_2_3.png */,
				9343F02524B6C9ED0030EB29 /* final_2_4.png */,
				9343F02D24B6C9F10030EB29 /* final_2.png */,
				9343F02124B6C9EA0030EB29 /* final_3_1.png */,
				9343F02424B6C9EC0030EB29 /* final_3_2.png */,
				9343F02824B6C9EE0030EB29 /* final_3.png */,
				9343F02A24B6C9EF0030EB29 /* final_4_1.png */,
				9343F03124B6C9F30030EB29 /* final_4_2.png */,
				9343F02024B6C9EA0030EB29 /* final_4_3.png */,
				9343F02224B6C9EB0030EB29 /* final_4.png */,
				9343F02924B6C9EF0030EB29 /* final_5_2.PNG */,
				9343F02F24B6C9F20030EB29 /* final_5.png */,
				9343F01D24B6C9E80030EB29 /* final_6.png */,
				9343F02724B6C9EE0030EB29 /* final_7_2.PNG */,
				9343F02B24B6C9F00030EB29 /* final_7.png */,
				9343F02624B6C9ED0030EB29 /* final_8_1.png */,
				9343F02E24B6C9F10030EB29 /* final_8_2.png */,
				9343F02C24B6C9F00030EB29 /* final_8.png */,
				9343F01E24B6C9E90030EB29 /* logo.jpg */,
				9329096124C9A150008906CD /* DoNotCalculate.png */,
				9329096324C9A495008906CD /* DoNotCalculate_2.png */,
				9329096524C9AA04008906CD /* DoNotCalculate4.png */,
				9329096724C9AA31008906CD /* DoNotCalculate3.png */,
				9329096924C9B1B7008906CD /* DoNotCalculate_final.png */,
			);
			path = img;
			sourceTree = "<group>";
		};
		93FB6450243CAB8B00A30B34 /* fonts */ = {
			isa = PBXGroup;
			children = (
				93FB6461243CB36E00A30B34 /* custom_5.otf */,
				93FB645C243CB1CC00A30B34 /* custom_1.ttf */,
				93FB645B243CB1CC00A30B34 /* custom_2.ttf */,
				93FB645A243CB1CC00A30B34 /* custom_3.ttf */,
				93FB6459243CB1CC00A30B34 /* custom_4.ttf */,
			);
			path = fonts;
			sourceTree = "<group>";
		};
/* End PBXGroup section */

/* Begin PBXNativeTarget section */
		93D70FED2417BE6D0040F035 /* Calculator Plus */ = {
			isa = PBXNativeTarget;
			buildConfigurationList = 93D710022417BE6E0040F035 /* Build configuration list for PBXNativeTarget "Calculator Plus" */;
			buildPhases = (
				93D70FEA2417BE6D0040F035 /* Sources */,
				93D70FEB2417BE6D0040F035 /* Frameworks */,
				93D70FEC2417BE6D0040F035 /* Resources */,
			);
			buildRules = (
			);
			dependencies = (
			);
			name = "Calculator Plus";
			productName = "Calculator Plus";
			productReference = 93D70FEE2417BE6D0040F035 /* 계산하지마!.app */;
			productType = "com.apple.product-type.application";
		};
/* End PBXNativeTarget section */

/* Begin PBXProject section */
		93D70FE62417BE6D0040F035 /* Project object */ = {
			isa = PBXProject;
			attributes = {
				LastSwiftUpdateCheck = 1130;
				LastUpgradeCheck = 1130;
				ORGANIZATIONNAME = FreeDeveloper;
				TargetAttributes = {
					93D70FED2417BE6D0040F035 = {
						CreatedOnToolsVersion = 11.3.1;
					};
				};
			};
			buildConfigurationList = 93D70FE92417BE6D0040F035 /* Build configuration list for PBXProject "Calculator Plus" */;
			compatibilityVersion = "Xcode 9.3";
			developmentRegion = en;
			hasScannedForEncodings = 0;
			knownRegions = (
				en,
				Base,
			);
			mainGroup = 93D70FE52417BE6D0040F035;
			productRefGroup = 93D70FEF2417BE6D0040F035 /* Products */;
			projectDirPath = "";
			projectRoot = "";
			targets = (
				93D70FED2417BE6D0040F035 /* Calculator Plus */,
			);
		};
/* End PBXProject section */

/* Begin PBXResourcesBuildPhase section */
		93D70FEC2417BE6D0040F035 /* Resources */ = {
			isa = PBXResourcesBuildPhase;
			buildActionMask = 2147483647;
			files = (
				9343F03324B6C9F30030EB29 /* final_1.png in Resources */,
				93ED2CF424BFFE3E00613C1C /* icon_7.png in Resources */,
				93C8928024C0557600ECD0EB /* test_4_b.png in Resources */,
				93ED2CFB24BFFE3E00613C1C /* icon_1.png in Resources */,
				9343F03424B6C9F30030EB29 /* final_6.png in Resources */,
				93ED2CFA24BFFE3E00613C1C /* icon_2.png in Resources */,
				93ED2CF524BFFE3E00613C1C /* icon_6.png in Resources */,
				93C8927E24C0557600ECD0EB /* test_2_b.png in Resources */,
				9343F04524B6C9F30030EB29 /* final_8_2.png in Resources */,
				93D70FFE2417BE6E0040F035 /* LaunchScreen.storyboard in Resources */,
				93C8928324C0557600ECD0EB /* test_7_b.png in Resources */,
				93FB645F243CB1CC00A30B34 /* custom_2.ttf in Resources */,
				9343F03524B6C9F30030EB29 /* logo.jpg in Resources */,
				93C8928224C0557600ECD0EB /* test_1_b.png in Resources */,
				9343F04124B6C9F30030EB29 /* final_4_1.png in Resources */,
				9329096224C9A150008906CD /* DoNotCalculate.png in Resources */,
				93ED2CF924BFFE3E00613C1C /* icon_5.png in Resources */,
				93C8927D24C0557600ECD0EB /* test_9_b.png in Resources */,
				9343F04624B6C9F30030EB29 /* final_5.png in Resources */,
				9343F04824B6C9F30030EB29 /* final_4_2.png in Resources */,
				9343F04724B6C9F30030EB29 /* final_2_2.png in Resources */,
				93ED2CF824BFFE3E00613C1C /* icon_4.png in Resources */,
				93C8927F24C0557600ECD0EB /* test_3_b.png in Resources */,
				9329096824C9AA31008906CD /* DoNotCalculate3.png in Resources */,
				93AA42C724BF76730006594C /* test_6.png in Resources */,
				93AA42CC24BF76730006594C /* test_3.png in Resources */,
				9343F03D24B6C9F30030EB29 /* final_8_1.png in Resources */,
				9343F03B24B6C9F30030EB29 /* final_3_2.png in Resources */,
				9343F03A24B6C9F30030EB29 /* final_2_3.png in Resources */,
				9343F04224B6C9F30030EB29 /* final_7.png in Resources */,
				9343F03824B6C9F30030EB29 /* final_3_1.png in Resources */,
				93AA42C824BF76730006594C /* test_8.png in Resources */,
				9343F04024B6C9F30030EB29 /* final_5_2.PNG in Resources */,
				93ED2CF324BFFE3E00613C1C /* icon_3.png in Resources */,
				9343F04424B6C9F30030EB29 /* final_2.png in Resources */,
				93ED2CF624BFFE3E00613C1C /* icon_8.png in Resources */,
				93AA42C624BF76730006594C /* test_5.png in Resources */,
				9343F03224B6C9F30030EB29 /* final_2_1.png in Resources */,
				9329096A24C9B1B7008906CD /* DoNotCalculate_final.png in Resources */,
				93AA42CA24BF76730006594C /* test_1.png in Resources */,
				9343F04324B6C9F30030EB29 /* final_8.png in Resources */,
				9343F03624B6C9F30030EB29 /* final_1_2.png in Resources */,
				93C8928124C0557600ECD0EB /* test_6_b.png in Resources */,
				9343F03E24B6C9F30030EB29 /* final_7_2.PNG in Resources */,
				9329096624C9AA04008906CD /* DoNotCalculate4.png in Resources */,
				93FB645D243CB1CC00A30B34 /* custom_4.ttf in Resources */,
				93D70FFB2417BE6E0040F035 /* Assets.xcassets in Resources */,
				93C8928424C0557600ECD0EB /* test_5_b.png in Resources */,
				93ED2CFD24C0010D00613C1C /* icon_2_2.jpg in Resources */,
				93FB6462243CB36F00A30B34 /* custom_5.otf in Resources */,
				9343F03924B6C9F30030EB29 /* final_4.png in Resources */,
				93C8927C24C0557600ECD0EB /* test_8_b.png in Resources */,
				93FB6460243CB1CC00A30B34 /* custom_1.ttf in Resources */,
				93AA42CB24BF76730006594C /* test_7.png in Resources */,
				93ED2CF724BFFE3E00613C1C /* icon_9.png in Resources */,
				93D70FF92417BE6D0040F035 /* Main.storyboard in Resources */,
				9343F03F24B6C9F30030EB29 /* final_3.png in Resources */,
				9329096424C9A495008906CD /* DoNotCalculate_2.png in Resources */,
				93AA42CD24BF76730006594C /* test_9.png in Resources */,
				93FB645E243CB1CC00A30B34 /* custom_3.ttf in Resources */,
				9343F03C24B6C9F30030EB29 /* final_2_4.png in Resources */,
				93AA42C924BF76730006594C /* test_4.png in Resources */,
				93AA42CE24BF76730006594C /* test_2.png in Resources */,
				9343F03724B6C9F30030EB29 /* final_4_3.png in Resources */,
			);
			runOnlyForDeploymentPostprocessing = 0;
		};
/* End PBXResourcesBuildPhase section */

/* Begin PBXSourcesBuildPhase section */
		93D70FEA2417BE6D0040F035 /* Sources */ = {
			isa = PBXSourcesBuildPhase;
			buildActionMask = 2147483647;
			files = (
				93D70FF62417BE6D0040F035 /* ViewController.swift in Sources */,
				9331EA8A241B41FB0072A01B /* View_2_2_ViewController.swift in Sources */,
				93CC43662423AB4D00A2BEC4 /* View_1_1_ViewController.swift in Sources */,
				936F4F2E242C891400E78644 /* View_5_1_ViewController.swift in Sources */,
				937E54D22436198700CCBB37 /* View_7_2_ViewController.swift in Sources */,
				936F4F34242C894300E78644 /* View_8_1_ViewController.swift in Sources */,
				937FC3C6241B2BA000848EBD /* View_3_ViewController.swift in Sources */,
				936F4F30242C892700E78644 /* View_6_ViewController.swift in Sources */,
				936F4F26242C88C400E78644 /* View_3_2_ViewController.swift in Sources */,
				9331EA8E241B448D0072A01B /* View_2_3_ViewController.swift in Sources */,
				936F4F24242C889700E78644 /* View_3_1_ViewController.swift in Sources */,
				936F4F28242C88DC00E78644 /* View_4_1_ViewController.swift in Sources */,
				93765C8F243386E9005C006A /* StoryLinkHelper.swift in Sources */,
				9331EA90241B449B0072A01B /* View_2_4_ViewController.swift in Sources */,
				936F4F2A242C88ED00E78644 /* View_4_2_ViewController.swift in Sources */,
				93184EE12425AC740089EE15 /* View_1_2_ViewController.swift in Sources */,
				930458F6241A315500ADC73A /* View_1_ViewController.swift in Sources */,
				93D70FF22417BE6D0040F035 /* AppDelegate.swift in Sources */,
				93802EA0243E027600CEBD59 /* View_5_ViewController.swift in Sources */,
				93802E9E243E024F00CEBD59 /* View_5_2_ViewController.swift in Sources */,
				937E54D0243617E700CCBB37 /* View_7_ViewController.swift in Sources */,
				936F4F38242C8AAD00E78644 /* View_nomal_ViewController.swift in Sources */,
				93B2E45924B6C9A200020AAD /* View_2_1_ViewController.swift in Sources */,
				936F4F2C242C88FE00E78644 /* View_4_3_ViewController.swift in Sources */,
				936F4F36242C895100E78644 /* View_8_2_ViewController.swift in Sources */,
				937FC3CC241B32E200848EBD /* View_4_ViewController.swift in Sources */,
				937FC3C4241B276D00848EBD /* View_2_ViewController.swift in Sources */,
				937FC3CE241B346800848EBD /* View_8_ViewController.swift in Sources */,
				9337B91624B6CB3D000AB51F /* AlertExtension.swift in Sources */,
				93D70FF42417BE6D0040F035 /* SceneDelegate.swift in Sources */,
				936F4F32242C893500E78644 /* View_7_1_ViewController.swift in Sources */,
			);
			runOnlyForDeploymentPostprocessing = 0;
		};
/* End PBXSourcesBuildPhase section */

/* Begin PBXVariantGroup section */
		93D70FF72417BE6D0040F035 /* Main.storyboard */ = {
			isa = PBXVariantGroup;
			children = (
				93D70FF82417BE6D0040F035 /* Base */,
			);
			name = Main.storyboard;
			sourceTree = "<group>";
		};
		93D70FFC2417BE6E0040F035 /* LaunchScreen.storyboard */ = {
			isa = PBXVariantGroup;
			children = (
				93D70FFD2417BE6E0040F035 /* Base */,
			);
			name = LaunchScreen.storyboard;
			sourceTree = "<group>";
		};
/* End PBXVariantGroup section */

/* Begin XCBuildConfiguration section */
		93D710002417BE6E0040F035 /* Debug */ = {
			isa = XCBuildConfiguration;
			buildSettings = {
				ALWAYS_SEARCH_USER_PATHS = NO;
				CLANG_ANALYZER_NONNULL = YES;
				CLANG_ANALYZER_NUMBER_OBJECT_CONVERSION = YES_AGGRESSIVE;
				CLANG_CXX_LANGUAGE_STANDARD = "gnu++14";
				CLANG_CXX_LIBRARY = "libc++";
				CLANG_ENABLE_MODULES = YES;
				CLANG_ENABLE_OBJC_ARC = YES;
				CLANG_ENABLE_OBJC_WEAK = YES;
				CLANG_WARN_BLOCK_CAPTURE_AUTORELEASING = YES;
				CLANG_WARN_BOOL_CONVERSION = YES;
				CLANG_WARN_COMMA = YES;
				CLANG_WARN_CONSTANT_CONVERSION = YES;
				CLANG_WARN_DEPRECATED_OBJC_IMPLEMENTATIONS = YES;
				CLANG_WARN_DIRECT_OBJC_ISA_USAGE = YES_ERROR;
				CLANG_WARN_DOCUMENTATION_COMMENTS = YES;
				CLANG_WARN_EMPTY_BODY = YES;
				CLANG_WARN_ENUM_CONVERSION = YES;
				CLANG_WARN_INFINITE_RECURSION = YES;
				CLANG_WARN_INT_CONVERSION = YES;
				CLANG_WARN_NON_LITERAL_NULL_CONVERSION = YES;
				CLANG_WARN_OBJC_IMPLICIT_RETAIN_SELF = YES;
				CLANG_WARN_OBJC_LITERAL_CONVERSION = YES;
				CLANG_WARN_OBJC_ROOT_CLASS = YES_ERROR;
				CLANG_WARN_RANGE_LOOP_ANALYSIS = YES;
				CLANG_WARN_STRICT_PROTOTYPES = YES;
				CLANG_WARN_SUSPICIOUS_MOVE = YES;
				CLANG_WARN_UNGUARDED_AVAILABILITY = YES_AGGRESSIVE;
				CLANG_WARN_UNREACHABLE_CODE = YES;
				CLANG_WARN__DUPLICATE_METHOD_MATCH = YES;
				COPY_PHASE_STRIP = NO;
				DEBUG_INFORMATION_FORMAT = dwarf;
				ENABLE_STRICT_OBJC_MSGSEND = YES;
				ENABLE_TESTABILITY = YES;
				GCC_C_LANGUAGE_STANDARD = gnu11;
				GCC_DYNAMIC_NO_PIC = NO;
				GCC_NO_COMMON_BLOCKS = YES;
				GCC_OPTIMIZATION_LEVEL = 0;
				GCC_PREPROCESSOR_DEFINITIONS = (
					"DEBUG=1",
					"$(inherited)",
				);
				GCC_WARN_64_TO_32_BIT_CONVERSION = YES;
				GCC_WARN_ABOUT_RETURN_TYPE = YES_ERROR;
				GCC_WARN_UNDECLARED_SELECTOR = YES;
				GCC_WARN_UNINITIALIZED_AUTOS = YES_AGGRESSIVE;
				GCC_WARN_UNUSED_FUNCTION = YES;
				GCC_WARN_UNUSED_VARIABLE = YES;
				IPHONEOS_DEPLOYMENT_TARGET = 13.2;
				MTL_ENABLE_DEBUG_INFO = INCLUDE_SOURCE;
				MTL_FAST_MATH = YES;
				ONLY_ACTIVE_ARCH = YES;
				SDKROOT = iphoneos;
				SWIFT_ACTIVE_COMPILATION_CONDITIONS = DEBUG;
				SWIFT_OPTIMIZATION_LEVEL = "-Onone";
			};
			name = Debug;
		};
		93D710012417BE6E0040F035 /* Release */ = {
			isa = XCBuildConfiguration;
			buildSettings = {
				ALWAYS_SEARCH_USER_PATHS = NO;
				CLANG_ANALYZER_NONNULL = YES;
				CLANG_ANALYZER_NUMBER_OBJECT_CONVERSION = YES_AGGRESSIVE;
				CLANG_CXX_LANGUAGE_STANDARD = "gnu++14";
				CLANG_CXX_LIBRARY = "libc++";
				CLANG_ENABLE_MODULES = YES;
				CLANG_ENABLE_OBJC_ARC = YES;
				CLANG_ENABLE_OBJC_WEAK = YES;
				CLANG_WARN_BLOCK_CAPTURE_AUTORELEASING = YES;
				CLANG_WARN_BOOL_CONVERSION = YES;
				CLANG_WARN_COMMA = YES;
				CLANG_WARN_CONSTANT_CONVERSION = YES;
				CLANG_WARN_DEPRECATED_OBJC_IMPLEMENTATIONS = YES;
				CLANG_WARN_DIRECT_OBJC_ISA_USAGE = YES_ERROR;
				CLANG_WARN_DOCUMENTATION_COMMENTS = YES;
				CLANG_WARN_EMPTY_BODY = YES;
				CLANG_WARN_ENUM_CONVERSION = YES;
				CLANG_WARN_INFINITE_RECURSION = YES;
				CLANG_WARN_INT_CONVERSION = YES;
				CLANG_WARN_NON_LITERAL_NULL_CONVERSION = YES;
				CLANG_WARN_OBJC_IMPLICIT_RETAIN_SELF = YES;
				CLANG_WARN_OBJC_LITERAL_CONVERSION = YES;
				CLANG_WARN_OBJC_ROOT_CLASS = YES_ERROR;
				CLANG_WARN_RANGE_LOOP_ANALYSIS = YES;
				CLANG_WARN_STRICT_PROTOTYPES = YES;
				CLANG_WARN_SUSPICIOUS_MOVE = YES;
				CLANG_WARN_UNGUARDED_AVAILABILITY = YES_AGGRESSIVE;
				CLANG_WARN_UNREACHABLE_CODE = YES;
				CLANG_WARN__DUPLICATE_METHOD_MATCH = YES;
				COPY_PHASE_STRIP = NO;
				DEBUG_INFORMATION_FORMAT = "dwarf-with-dsym";
				ENABLE_NS_ASSERTIONS = NO;
				ENABLE_STRICT_OBJC_MSGSEND = YES;
				GCC_C_LANGUAGE_STANDARD = gnu11;
				GCC_NO_COMMON_BLOCKS = YES;
				GCC_WARN_64_TO_32_BIT_CONVERSION = YES;
				GCC_WARN_ABOUT_RETURN_TYPE = YES_ERROR;
				GCC_WARN_UNDECLARED_SELECTOR = YES;
				GCC_WARN_UNINITIALIZED_AUTOS = YES_AGGRESSIVE;
				GCC_WARN_UNUSED_FUNCTION = YES;
				GCC_WARN_UNUSED_VARIABLE = YES;
				IPHONEOS_DEPLOYMENT_TARGET = 13.2;
				MTL_ENABLE_DEBUG_INFO = NO;
				MTL_FAST_MATH = YES;
				SDKROOT = iphoneos;
				SWIFT_COMPILATION_MODE = wholemodule;
				SWIFT_OPTIMIZATION_LEVEL = "-O";
				VALIDATE_PRODUCT = YES;
			};
			name = Release;
		};
		93D710032417BE6E0040F035 /* Debug */ = {
			isa = XCBuildConfiguration;
			buildSettings = {
				ASSETCATALOG_COMPILER_APPICON_NAME = AppIcon;
				CODE_SIGN_IDENTITY = "Apple Development";
				CODE_SIGN_STYLE = Automatic;
				CURRENT_PROJECT_VERSION = 21;
				DEVELOPMENT_TEAM = 2C96RNDN63;
				FRAMEWORK_SEARCH_PATHS = (
					"$(inherited)",
					"$(PROJECT_DIR)",
				);
				INFOPLIST_FILE = "Calculator Plus/Info.plist";
				IPHONEOS_DEPLOYMENT_TARGET = 13.2;
				LD_RUNPATH_SEARCH_PATHS = (
					"$(inherited)",
					"@executable_path/Frameworks",
				);
				MACH_O_TYPE = mh_execute;
				MARKETING_VERSION = 2.1.5;
				OTHER_LDFLAGS = "-all_load";
				PRODUCT_BUNDLE_IDENTIFIER = com.freedeveloper.CalculatorPlus;
				PRODUCT_NAME = "계산하지마!";
				PROVISIONING_PROFILE_SPECIFIER = "";
				SWIFT_OBJC_BRIDGING_HEADER = "$(SRCROOT)/KakaoOpenSDK-Bridging-Header.h";
				SWIFT_VERSION = 5.0;
				TARGETED_DEVICE_FAMILY = 1;
			};
			name = Debug;
		};
		93D710042417BE6E0040F035 /* Release */ = {
			isa = XCBuildConfiguration;
			buildSettings = {
				ASSETCATALOG_COMPILER_APPICON_NAME = AppIcon;
				CODE_SIGN_IDENTITY = "Apple Development";
				CODE_SIGN_STYLE = Automatic;
				CURRENT_PROJECT_VERSION = 21;
				DEVELOPMENT_TEAM = 2C96RNDN63;
				FRAMEWORK_SEARCH_PATHS = (
					"$(inherited)",
					"$(PROJECT_DIR)",
				);
				INFOPLIST_FILE = "Calculator Plus/Info.plist";
				IPHONEOS_DEPLOYMENT_TARGET = 13.2;
				LD_RUNPATH_SEARCH_PATHS = (
					"$(inherited)",
					"@executable_path/Frameworks",
				);
				MACH_O_TYPE = mh_execute;
				MARKETING_VERSION = 2.1.5;
				OTHER_LDFLAGS = "-all_load";
				PRODUCT_BUNDLE_IDENTIFIER = com.freedeveloper.CalculatorPlus;
				PRODUCT_NAME = "계산하지마!";
				PROVISIONING_PROFILE_SPECIFIER = "";
				SWIFT_OBJC_BRIDGING_HEADER = "$(SRCROOT)/KakaoOpenSDK-Bridging-Header.h";
				SWIFT_VERSION = 5.0;
				TARGETED_DEVICE_FAMILY = 1;
			};
			name = Release;
		};
/* End XCBuildConfiguration section */

/* Begin XCConfigurationList section */
		93D70FE92417BE6D0040F035 /* Build configuration list for PBXProject "Calculator Plus" */ = {
			isa = XCConfigurationList;
			buildConfigurations = (
				93D710002417BE6E0040F035 /* Debug */,
				93D710012417BE6E0040F035 /* Release */,
			);
			defaultConfigurationIsVisible = 0;
			defaultConfigurationName = Release;
		};
		93D710022417BE6E0040F035 /* Build configuration list for PBXNativeTarget "Calculator Plus" */ = {
			isa = XCConfigurationList;
			buildConfigurations = (
				93D710032417BE6E0040F035 /* Debug */,
				93D710042417BE6E0040F035 /* Release */,
			);
			defaultConfigurationIsVisible = 0;
			defaultConfigurationName = Release;
		};
/* End XCConfigurationList section */
	};
	rootObject = 93D70FE62417BE6D0040F035 /* Project object */;
}
