// !$*UTF8*$!
{
	archiveVersion = 1;
	classes = {
	};
	objectVersion = 51;
	objects = {

/* Begin PBXBuildFile section */
		7782C76B24CEAFFC006FDC01 /* HGGGOTHICSSI_PRO_60G.otf in Resources */ = {isa = PBXBuildFile; fileRef = 7782C76524CEAFFB006FDC01 /* HGGGOTHICSSI_PRO_60G.otf */; };
		7782C76C24CEAFFC006FDC01 /* HGGGOTHICSSI_PRO_99G.otf in Resources */ = {isa = PBXBuildFile; fileRef = 7782C76624CEAFFB006FDC01 /* HGGGOTHICSSI_PRO_99G.otf */; };
		7782C76D24CEAFFC006FDC01 /* HGGGOTHICSSI_PRO_80G.otf in Resources */ = {isa = PBXBuildFile; fileRef = 7782C76724CEAFFB006FDC01 /* HGGGOTHICSSI_PRO_80G.otf */; };
		7782C76E24CEAFFC006FDC01 /* HGGGOTHICSSI_PRO_40G.otf in Resources */ = {isa = PBXBuildFile; fileRef = 7782C76824CEAFFC006FDC01 /* HGGGOTHICSSI_PRO_40G.otf */; };
		7782C76F24CEAFFC006FDC01 /* HGGGOTHICSSI_PRO_00G.otf in Resources */ = {isa = PBXBuildFile; fileRef = 7782C76924CEAFFC006FDC01 /* HGGGOTHICSSI_PRO_00G.otf */; };
		7782C77024CEAFFC006FDC01 /* HGGGOTHICSSI_PRO_20G.otf in Resources */ = {isa = PBXBuildFile; fileRef = 7782C76A24CEAFFC006FDC01 /* HGGGOTHICSSI_PRO_20G.otf */; };
		876C321B25BF264600A5DD9F /* Show3_3ViewController2.swift in Sources */ = {isa = PBXBuildFile; fileRef = 876C321A25BF264600A5DD9F /* Show3_3ViewController2.swift */; };
		876C321E25BF264900A5DD9F /* Show3_4ViewController2.swift in Sources */ = {isa = PBXBuildFile; fileRef = 876C321D25BF264900A5DD9F /* Show3_4ViewController2.swift */; };
		878CE93025BD58E300FDD6E1 /* Money.swift in Sources */ = {isa = PBXBuildFile; fileRef = 878CE92F25BD58E300FDD6E1 /* Money.swift */; };
		87A60D7B25BF25B000D872B2 /* Show3_2ViewController2.swift in Sources */ = {isa = PBXBuildFile; fileRef = 87A60D7A25BF25AF00D872B2 /* Show3_2ViewController2.swift */; };
		87B37A0725C1AB6900877F65 /* Show8_3ViewController.swift in Sources */ = {isa = PBXBuildFile; fileRef = 87B37A0625C1AB6900877F65 /* Show8_3ViewController.swift */; };
		87C28C3E25BB271F00F084B4 /* Kakao.swift in Sources */ = {isa = PBXBuildFile; fileRef = 87C28C3D25BB271F00F084B4 /* Kakao.swift */; };
		87DA4BA225BDAE75000B0864 /* AboutViewController.swift in Sources */ = {isa = PBXBuildFile; fileRef = 87DA4BA125BDAE75000B0864 /* AboutViewController.swift */; };
		87E9980D25BB19860009C199 /* Calculate.swift in Sources */ = {isa = PBXBuildFile; fileRef = 87E9980C25BB19860009C199 /* Calculate.swift */; };
		87F581B225BEC2EE00B4913A /* Show3_1ViewController2.swift in Sources */ = {isa = PBXBuildFile; fileRef = 8729779425BEC18B009948C6 /* Show3_1ViewController2.swift */; };
		930458F6241A315500ADC73A /* Select2ViewController.swift in Sources */ = {isa = PBXBuildFile; fileRef = 930458F5241A315500ADC73A /* Select2ViewController.swift */; };
		93184EE12425AC740089EE15 /* Show2_2ViewController.swift in Sources */ = {isa = PBXBuildFile; fileRef = 93184EE02425AC740089EE15 /* Show2_2ViewController.swift */; };
		9331EA8A241B41FB0072A01B /* Show3_2ViewController.swift in Sources */ = {isa = PBXBuildFile; fileRef = 9331EA89241B41FB0072A01B /* Show3_2ViewController.swift */; };
		9331EA8E241B448D0072A01B /* Show3_3ViewController.swift in Sources */ = {isa = PBXBuildFile; fileRef = 9331EA8D241B448D0072A01B /* Show3_3ViewController.swift */; };
		9331EA90241B449B0072A01B /* Show3_4ViewController.swift in Sources */ = {isa = PBXBuildFile; fileRef = 9331EA8F241B449B0072A01B /* Show3_4ViewController.swift */; };
		9337B91624B6CB3D000AB51F /* AlertExtension.swift in Sources */ = {isa = PBXBuildFile; fileRef = 9337B91524B6CB3D000AB51F /* AlertExtension.swift */; };
		936598C82433526600DCAC99 /* KakaoLink.framework in Frameworks */ = {isa = PBXBuildFile; fileRef = 936598C52433526600DCAC99 /* KakaoLink.framework */; };
		936598CA2433526600DCAC99 /* KakaoCommon.framework in Frameworks */ = {isa = PBXBuildFile; fileRef = 936598C62433526600DCAC99 /* KakaoCommon.framework */; };
		936598CC2433526600DCAC99 /* KakaoOpenSDK.framework in Frameworks */ = {isa = PBXBuildFile; fileRef = 936598C72433526600DCAC99 /* KakaoOpenSDK.framework */; };
		936F4F24242C889700E78644 /* Show4_1ViewController.swift in Sources */ = {isa = PBXBuildFile; fileRef = 936F4F23242C889700E78644 /* Show4_1ViewController.swift */; };
		936F4F26242C88C400E78644 /* Show4_2ViewController.swift in Sources */ = {isa = PBXBuildFile; fileRef = 936F4F25242C88C400E78644 /* Show4_2ViewController.swift */; };
		936F4F28242C88DC00E78644 /* Show5_3ViewController.swift in Sources */ = {isa = PBXBuildFile; fileRef = 936F4F27242C88DC00E78644 /* Show5_3ViewController.swift */; };
		936F4F2A242C88ED00E78644 /* Show5_2ViewController.swift in Sources */ = {isa = PBXBuildFile; fileRef = 936F4F29242C88ED00E78644 /* Show5_2ViewController.swift */; };
		936F4F2C242C88FE00E78644 /* Show5_1ViewController.swift in Sources */ = {isa = PBXBuildFile; fileRef = 936F4F2B242C88FE00E78644 /* Show5_1ViewController.swift */; };
		936F4F2E242C891400E78644 /* Show6_1ViewController.swift in Sources */ = {isa = PBXBuildFile; fileRef = 936F4F2D242C891400E78644 /* Show6_1ViewController.swift */; };
		936F4F30242C892700E78644 /* Show7ViewController.swift in Sources */ = {isa = PBXBuildFile; fileRef = 936F4F2F242C892700E78644 /* Show7ViewController.swift */; };
		936F4F32242C893500E78644 /* Show8_1ViewController.swift in Sources */ = {isa = PBXBuildFile; fileRef = 936F4F31242C893500E78644 /* Show8_1ViewController.swift */; };
		936F4F34242C894300E78644 /* Show9_1ViewController.swift in Sources */ = {isa = PBXBuildFile; fileRef = 936F4F33242C894300E78644 /* Show9_1ViewController.swift */; };
		936F4F36242C895100E78644 /* Show9_2ViewController.swift in Sources */ = {isa = PBXBuildFile; fileRef = 936F4F35242C895100E78644 /* Show9_2ViewController.swift */; };
		936F4F38242C8AAD00E78644 /* CalculaterViewController.swift in Sources */ = {isa = PBXBuildFile; fileRef = 936F4F37242C8AAD00E78644 /* CalculaterViewController.swift */; };
		93765C8A243366B0005C006A /* KakaoMessageTemplate.framework in Frameworks */ = {isa = PBXBuildFile; fileRef = 93765C89243366B0005C006A /* KakaoMessageTemplate.framework */; };
		93765C8F243386E9005C006A /* StoryLinkHelper.swift in Sources */ = {isa = PBXBuildFile; fileRef = 93765C8E243386E9005C006A /* StoryLinkHelper.swift */; };
		937E54D0243617E700CCBB37 /* Select8ViewController.swift in Sources */ = {isa = PBXBuildFile; fileRef = 937E54CF243617E700CCBB37 /* Select8ViewController.swift */; };
		937E54D22436198700CCBB37 /* Show8_2ViewController.swift in Sources */ = {isa = PBXBuildFile; fileRef = 937E54D12436198700CCBB37 /* Show8_2ViewController.swift */; };
		937FC3C4241B276D00848EBD /* Select3ViewController.swift in Sources */ = {isa = PBXBuildFile; fileRef = 937FC3C3241B276D00848EBD /* Select3ViewController.swift */; };
		937FC3C6241B2BA000848EBD /* Select4ViewController.swift in Sources */ = {isa = PBXBuildFile; fileRef = 937FC3C5241B2BA000848EBD /* Select4ViewController.swift */; };
		937FC3CC241B32E200848EBD /* Select5ViewController.swift in Sources */ = {isa = PBXBuildFile; fileRef = 937FC3CB241B32E200848EBD /* Select5ViewController.swift */; };
		937FC3CE241B346800848EBD /* Select9ViewController.swift in Sources */ = {isa = PBXBuildFile; fileRef = 937FC3CD241B346800848EBD /* Select9ViewController.swift */; };
		93802E9E243E024F00CEBD59 /* Show6_2ViewController.swift in Sources */ = {isa = PBXBuildFile; fileRef = 93802E9D243E024F00CEBD59 /* Show6_2ViewController.swift */; };
		93802EA0243E027600CEBD59 /* Select6ViewController.swift in Sources */ = {isa = PBXBuildFile; fileRef = 93802E9F243E027600CEBD59 /* Select6ViewController.swift */; };
		93B2E45924B6C9A200020AAD /* Show3_1ViewController.swift in Sources */ = {isa = PBXBuildFile; fileRef = 93B2E45824B6C9A200020AAD /* Show3_1ViewController.swift */; };
		93CC43662423AB4D00A2BEC4 /* Show2_1ViewController.swift in Sources */ = {isa = PBXBuildFile; fileRef = 93CC43652423AB4D00A2BEC4 /* Show2_1ViewController.swift */; };
		93D70FF22417BE6D0040F035 /* AppDelegate.swift in Sources */ = {isa = PBXBuildFile; fileRef = 93D70FF12417BE6D0040F035 /* AppDelegate.swift */; };
		93D70FF42417BE6D0040F035 /* SceneDelegate.swift in Sources */ = {isa = PBXBuildFile; fileRef = 93D70FF32417BE6D0040F035 /* SceneDelegate.swift */; };
		93D70FF62417BE6D0040F035 /* MainViewController.swift in Sources */ = {isa = PBXBuildFile; fileRef = 93D70FF52417BE6D0040F035 /* MainViewController.swift */; };
		93D70FF92417BE6D0040F035 /* Main.storyboard in Resources */ = {isa = PBXBuildFile; fileRef = 93D70FF72417BE6D0040F035 /* Main.storyboard */; };
		93D70FFB2417BE6E0040F035 /* Assets.xcassets in Resources */ = {isa = PBXBuildFile; fileRef = 93D70FFA2417BE6E0040F035 /* Assets.xcassets */; };
		93D70FFE2417BE6E0040F035 /* LaunchScreen.storyboard in Resources */ = {isa = PBXBuildFile; fileRef = 93D70FFC2417BE6E0040F035 /* LaunchScreen.storyboard */; };
		ABBF8D4ACF8919393EFA70B3 /* Pods_Calculator_Plus.framework in Frameworks */ = {isa = PBXBuildFile; fileRef = E25F79830CC5A9A6CC983F6E /* Pods_Calculator_Plus.framework */; };
/* End PBXBuildFile section */

/* Begin PBXFileReference section */
		58664863A7A6AFFE0C15C266 /* Pods-Calculator Plus.debug.xcconfig */ = {isa = PBXFileReference; includeInIndex = 1; lastKnownFileType = text.xcconfig; name = "Pods-Calculator Plus.debug.xcconfig"; path = "Target Support Files/Pods-Calculator Plus/Pods-Calculator Plus.debug.xcconfig"; sourceTree = "<group>"; };
		7782C76524CEAFFB006FDC01 /* HGGGOTHICSSI_PRO_60G.otf */ = {isa = PBXFileReference; lastKnownFileType = file; path = HGGGOTHICSSI_PRO_60G.otf; sourceTree = "<group>"; };
		7782C76624CEAFFB006FDC01 /* HGGGOTHICSSI_PRO_99G.otf */ = {isa = PBXFileReference; lastKnownFileType = file; path = HGGGOTHICSSI_PRO_99G.otf; sourceTree = "<group>"; };
		7782C76724CEAFFB006FDC01 /* HGGGOTHICSSI_PRO_80G.otf */ = {isa = PBXFileReference; lastKnownFileType = file; path = HGGGOTHICSSI_PRO_80G.otf; sourceTree = "<group>"; };
		7782C76824CEAFFC006FDC01 /* HGGGOTHICSSI_PRO_40G.otf */ = {isa = PBXFileReference; lastKnownFileType = file; path = HGGGOTHICSSI_PRO_40G.otf; sourceTree = "<group>"; };
		7782C76924CEAFFC006FDC01 /* HGGGOTHICSSI_PRO_00G.otf */ = {isa = PBXFileReference; lastKnownFileType = file; path = HGGGOTHICSSI_PRO_00G.otf; sourceTree = "<group>"; };
		7782C76A24CEAFFC006FDC01 /* HGGGOTHICSSI_PRO_20G.otf */ = {isa = PBXFileReference; lastKnownFileType = file; path = HGGGOTHICSSI_PRO_20G.otf; sourceTree = "<group>"; };
		8729779425BEC18B009948C6 /* Show3_1ViewController2.swift */ = {isa = PBXFileReference; lastKnownFileType = sourcecode.swift; path = Show3_1ViewController2.swift; sourceTree = "<group>"; };
		876C321A25BF264600A5DD9F /* Show3_3ViewController2.swift */ = {isa = PBXFileReference; lastKnownFileType = sourcecode.swift; path = Show3_3ViewController2.swift; sourceTree = "<group>"; };
		876C321D25BF264900A5DD9F /* Show3_4ViewController2.swift */ = {isa = PBXFileReference; lastKnownFileType = sourcecode.swift; path = Show3_4ViewController2.swift; sourceTree = "<group>"; };
		878CE92F25BD58E300FDD6E1 /* Money.swift */ = {isa = PBXFileReference; lastKnownFileType = sourcecode.swift; path = Money.swift; sourceTree = "<group>"; };
		87A60D7A25BF25AF00D872B2 /* Show3_2ViewController2.swift */ = {isa = PBXFileReference; lastKnownFileType = sourcecode.swift; path = Show3_2ViewController2.swift; sourceTree = "<group>"; };
		87B37A0625C1AB6900877F65 /* Show8_3ViewController.swift */ = {isa = PBXFileReference; lastKnownFileType = sourcecode.swift; path = Show8_3ViewController.swift; sourceTree = "<group>"; };
		87C28C3D25BB271F00F084B4 /* Kakao.swift */ = {isa = PBXFileReference; lastKnownFileType = sourcecode.swift; path = Kakao.swift; sourceTree = "<group>"; };
		87DA4BA125BDAE75000B0864 /* AboutViewController.swift */ = {isa = PBXFileReference; lastKnownFileType = sourcecode.swift; path = AboutViewController.swift; sourceTree = "<group>"; };
		87E9980C25BB19860009C199 /* Calculate.swift */ = {isa = PBXFileReference; lastKnownFileType = sourcecode.swift; path = Calculate.swift; sourceTree = "<group>"; };
		923AD7BC9EA3EDF10A4CBF8F /* Pods-Calculator Plus.release.xcconfig */ = {isa = PBXFileReference; includeInIndex = 1; lastKnownFileType = text.xcconfig; name = "Pods-Calculator Plus.release.xcconfig"; path = "Target Support Files/Pods-Calculator Plus/Pods-Calculator Plus.release.xcconfig"; sourceTree = "<group>"; };
		930458F5241A315500ADC73A /* Select2ViewController.swift */ = {isa = PBXFileReference; lastKnownFileType = sourcecode.swift; path = Select2ViewController.swift; sourceTree = "<group>"; };
		93184EE02425AC740089EE15 /* Show2_2ViewController.swift */ = {isa = PBXFileReference; lastKnownFileType = sourcecode.swift; path = Show2_2ViewController.swift; sourceTree = "<group>"; };
		9331EA89241B41FB0072A01B /* Show3_2ViewController.swift */ = {isa = PBXFileReference; lastKnownFileType = sourcecode.swift; path = Show3_2ViewController.swift; sourceTree = "<group>"; };
		9331EA8D241B448D0072A01B /* Show3_3ViewController.swift */ = {isa = PBXFileReference; lastKnownFileType = sourcecode.swift; path = Show3_3ViewController.swift; sourceTree = "<group>"; };
		9331EA8F241B449B0072A01B /* Show3_4ViewController.swift */ = {isa = PBXFileReference; lastKnownFileType = sourcecode.swift; path = Show3_4ViewController.swift; sourceTree = "<group>"; };
		9337B91524B6CB3D000AB51F /* AlertExtension.swift */ = {isa = PBXFileReference; fileEncoding = 4; lastKnownFileType = sourcecode.swift; path = AlertExtension.swift; sourceTree = SOURCE_ROOT; };
		936598C52433526600DCAC99 /* KakaoLink.framework */ = {isa = PBXFileReference; lastKnownFileType = wrapper.framework; path = KakaoLink.framework; sourceTree = "<group>"; };
		936598C62433526600DCAC99 /* KakaoCommon.framework */ = {isa = PBXFileReference; lastKnownFileType = wrapper.framework; path = KakaoCommon.framework; sourceTree = "<group>"; };
		936598C72433526600DCAC99 /* KakaoOpenSDK.framework */ = {isa = PBXFileReference; lastKnownFileType = wrapper.framework; path = KakaoOpenSDK.framework; sourceTree = "<group>"; };
		936C8CAE24334BF40077473E /* KakaoOpenSDK-Bridging-Header.h */ = {isa = PBXFileReference; lastKnownFileType = sourcecode.c.h; path = "KakaoOpenSDK-Bridging-Header.h"; sourceTree = "<group>"; };
		936F4F23242C889700E78644 /* Show4_1ViewController.swift */ = {isa = PBXFileReference; lastKnownFileType = sourcecode.swift; path = Show4_1ViewController.swift; sourceTree = "<group>"; };
		936F4F25242C88C400E78644 /* Show4_2ViewController.swift */ = {isa = PBXFileReference; lastKnownFileType = sourcecode.swift; path = Show4_2ViewController.swift; sourceTree = "<group>"; };
		936F4F27242C88DC00E78644 /* Show5_3ViewController.swift */ = {isa = PBXFileReference; lastKnownFileType = sourcecode.swift; path = Show5_3ViewController.swift; sourceTree = "<group>"; };
		936F4F29242C88ED00E78644 /* Show5_2ViewController.swift */ = {isa = PBXFileReference; lastKnownFileType = sourcecode.swift; path = Show5_2ViewController.swift; sourceTree = "<group>"; };
		936F4F2B242C88FE00E78644 /* Show5_1ViewController.swift */ = {isa = PBXFileReference; lastKnownFileType = sourcecode.swift; path = Show5_1ViewController.swift; sourceTree = "<group>"; };
		936F4F2D242C891400E78644 /* Show6_1ViewController.swift */ = {isa = PBXFileReference; lastKnownFileType = sourcecode.swift; path = Show6_1ViewController.swift; sourceTree = "<group>"; };
		936F4F2F242C892700E78644 /* Show7ViewController.swift */ = {isa = PBXFileReference; lastKnownFileType = sourcecode.swift; path = Show7ViewController.swift; sourceTree = "<group>"; };
		936F4F31242C893500E78644 /* Show8_1ViewController.swift */ = {isa = PBXFileReference; lastKnownFileType = sourcecode.swift; path = Show8_1ViewController.swift; sourceTree = "<group>"; };
		936F4F33242C894300E78644 /* Show9_1ViewController.swift */ = {isa = PBXFileReference; lastKnownFileType = sourcecode.swift; path = Show9_1ViewController.swift; sourceTree = "<group>"; };
		936F4F35242C895100E78644 /* Show9_2ViewController.swift */ = {isa = PBXFileReference; lastKnownFileType = sourcecode.swift; path = Show9_2ViewController.swift; sourceTree = "<group>"; };
		936F4F37242C8AAD00E78644 /* CalculaterViewController.swift */ = {isa = PBXFileReference; lastKnownFileType = sourcecode.swift; path = CalculaterViewController.swift; sourceTree = "<group>"; };
		93765C89243366B0005C006A /* KakaoMessageTemplate.framework */ = {isa = PBXFileReference; lastKnownFileType = wrapper.framework; path = KakaoMessageTemplate.framework; sourceTree = "<group>"; };
		93765C8E243386E9005C006A /* StoryLinkHelper.swift */ = {isa = PBXFileReference; lastKnownFileType = sourcecode.swift; path = StoryLinkHelper.swift; sourceTree = "<group>"; };
		937E54CF243617E700CCBB37 /* Select8ViewController.swift */ = {isa = PBXFileReference; lastKnownFileType = sourcecode.swift; path = Select8ViewController.swift; sourceTree = "<group>"; };
		937E54D12436198700CCBB37 /* Show8_2ViewController.swift */ = {isa = PBXFileReference; lastKnownFileType = sourcecode.swift; path = Show8_2ViewController.swift; sourceTree = "<group>"; };
		937FC3C3241B276D00848EBD /* Select3ViewController.swift */ = {isa = PBXFileReference; lastKnownFileType = sourcecode.swift; path = Select3ViewController.swift; sourceTree = "<group>"; };
		937FC3C5241B2BA000848EBD /* Select4ViewController.swift */ = {isa = PBXFileReference; lastKnownFileType = sourcecode.swift; path = Select4ViewController.swift; sourceTree = "<group>"; };
		937FC3CB241B32E200848EBD /* Select5ViewController.swift */ = {isa = PBXFileReference; lastKnownFileType = sourcecode.swift; path = Select5ViewController.swift; sourceTree = "<group>"; };
		937FC3CD241B346800848EBD /* Select9ViewController.swift */ = {isa = PBXFileReference; lastKnownFileType = sourcecode.swift; path = Select9ViewController.swift; sourceTree = "<group>"; };
		93802E9D243E024F00CEBD59 /* Show6_2ViewController.swift */ = {isa = PBXFileReference; lastKnownFileType = sourcecode.swift; path = Show6_2ViewController.swift; sourceTree = "<group>"; };
		93802E9F243E027600CEBD59 /* Select6ViewController.swift */ = {isa = PBXFileReference; lastKnownFileType = sourcecode.swift; path = Select6ViewController.swift; sourceTree = "<group>"; };
		93B2E45824B6C9A200020AAD /* Show3_1ViewController.swift */ = {isa = PBXFileReference; fileEncoding = 4; lastKnownFileType = sourcecode.swift; path = Show3_1ViewController.swift; sourceTree = "<group>"; };
		93CC43652423AB4D00A2BEC4 /* Show2_1ViewController.swift */ = {isa = PBXFileReference; lastKnownFileType = sourcecode.swift; path = Show2_1ViewController.swift; sourceTree = "<group>"; };
		93D70FEE2417BE6D0040F035 /* DontCalculate.app */ = {isa = PBXFileReference; explicitFileType = wrapper.application; includeInIndex = 0; path = DontCalculate.app; sourceTree = BUILT_PRODUCTS_DIR; };
		93D70FF12417BE6D0040F035 /* AppDelegate.swift */ = {isa = PBXFileReference; lastKnownFileType = sourcecode.swift; path = AppDelegate.swift; sourceTree = "<group>"; };
		93D70FF32417BE6D0040F035 /* SceneDelegate.swift */ = {isa = PBXFileReference; lastKnownFileType = sourcecode.swift; path = SceneDelegate.swift; sourceTree = "<group>"; };
		93D70FF52417BE6D0040F035 /* MainViewController.swift */ = {isa = PBXFileReference; lastKnownFileType = sourcecode.swift; path = MainViewController.swift; sourceTree = "<group>"; };
		93D70FF82417BE6D0040F035 /* Base */ = {isa = PBXFileReference; lastKnownFileType = file.storyboard; name = Base; path = Base.lproj/Main.storyboard; sourceTree = "<group>"; };
		93D70FFA2417BE6E0040F035 /* Assets.xcassets */ = {isa = PBXFileReference; lastKnownFileType = folder.assetcatalog; path = Assets.xcassets; sourceTree = "<group>"; };
		93D70FFD2417BE6E0040F035 /* Base */ = {isa = PBXFileReference; lastKnownFileType = file.storyboard; name = Base; path = Base.lproj/LaunchScreen.storyboard; sourceTree = "<group>"; };
		93D70FFF2417BE6E0040F035 /* Info.plist */ = {isa = PBXFileReference; lastKnownFileType = text.plist.xml; path = Info.plist; sourceTree = "<group>"; };
		E25F79830CC5A9A6CC983F6E /* Pods_Calculator_Plus.framework */ = {isa = PBXFileReference; explicitFileType = wrapper.framework; includeInIndex = 0; path = Pods_Calculator_Plus.framework; sourceTree = BUILT_PRODUCTS_DIR; };
/* End PBXFileReference section */

/* Begin PBXFrameworksBuildPhase section */
		93D70FEB2417BE6D0040F035 /* Frameworks */ = {
			isa = PBXFrameworksBuildPhase;
			buildActionMask = 2147483647;
			files = (
				936598C82433526600DCAC99 /* KakaoLink.framework in Frameworks */,
				936598CA2433526600DCAC99 /* KakaoCommon.framework in Frameworks */,
				93765C8A243366B0005C006A /* KakaoMessageTemplate.framework in Frameworks */,
				936598CC2433526600DCAC99 /* KakaoOpenSDK.framework in Frameworks */,
				ABBF8D4ACF8919393EFA70B3 /* Pods_Calculator_Plus.framework in Frameworks */,
			);
			runOnlyForDeploymentPostprocessing = 0;
		};
/* End PBXFrameworksBuildPhase section */

/* Begin PBXGroup section */
		772C7B952FD7C7BBA080AF7D /* Pods */ = {
			isa = PBXGroup;
			children = (
				58664863A7A6AFFE0C15C266 /* Pods-Calculator Plus.debug.xcconfig */,
				923AD7BC9EA3EDF10A4CBF8F /* Pods-Calculator Plus.release.xcconfig */,
			);
			path = Pods;
			sourceTree = "<group>";
		};
		87089C2D25B9BC060083D1EB /* ShowViewController */ = {
			isa = PBXGroup;
			children = (
				93D70FF52417BE6D0040F035 /* MainViewController.swift */,
				936F4F37242C8AAD00E78644 /* CalculaterViewController.swift */,
				93CC43652423AB4D00A2BEC4 /* Show2_1ViewController.swift */,
				93184EE02425AC740089EE15 /* Show2_2ViewController.swift */,
				93B2E45824B6C9A200020AAD /* Show3_1ViewController.swift */,
				9331EA89241B41FB0072A01B /* Show3_2ViewController.swift */,
				9331EA8D241B448D0072A01B /* Show3_3ViewController.swift */,
				9331EA8F241B449B0072A01B /* Show3_4ViewController.swift */,
				936F4F23242C889700E78644 /* Show4_1ViewController.swift */,
				936F4F25242C88C400E78644 /* Show4_2ViewController.swift */,
				936F4F2B242C88FE00E78644 /* Show5_1ViewController.swift */,
				936F4F29242C88ED00E78644 /* Show5_2ViewController.swift */,
				936F4F27242C88DC00E78644 /* Show5_3ViewController.swift */,
				936F4F2D242C891400E78644 /* Show6_1ViewController.swift */,
				93802E9D243E024F00CEBD59 /* Show6_2ViewController.swift */,
				936F4F2F242C892700E78644 /* Show7ViewController.swift */,
				936F4F31242C893500E78644 /* Show8_1ViewController.swift */,
				937E54D12436198700CCBB37 /* Show8_2ViewController.swift */,
				936F4F33242C894300E78644 /* Show9_1ViewController.swift */,
				936F4F35242C895100E78644 /* Show9_2ViewController.swift */,
				87DA4BA125BDAE75000B0864 /* AboutViewController.swift */,
			);
			path = ShowViewController;
			sourceTree = "<group>";
		};
		8729779225BEC170009948C6 /* test */ = {
			isa = PBXGroup;
			children = (
				8729779425BEC18B009948C6 /* Show3_1ViewController2.swift */,
				87A60D7A25BF25AF00D872B2 /* Show3_2ViewController2.swift */,
				876C321A25BF264600A5DD9F /* Show3_3ViewController2.swift */,
				876C321D25BF264900A5DD9F /* Show3_4ViewController2.swift */,
				87B37A0625C1AB6900877F65 /* Show8_3ViewController.swift */,
			);
			path = test;
			sourceTree = "<group>";
		};
		87E9980B25BB19280009C199 /* brain */ = {
			isa = PBXGroup;
			children = (
				87E9980C25BB19860009C199 /* Calculate.swift */,
				87C28C3D25BB271F00F084B4 /* Kakao.swift */,
				878CE92F25BD58E300FDD6E1 /* Money.swift */,
			);
			path = brain;
			sourceTree = "<group>";
		};
		87EC6C9D25B9DB1D00B789EA /* SelectViewController */ = {
			isa = PBXGroup;
			children = (
				930458F5241A315500ADC73A /* Select2ViewController.swift */,
				937FC3C3241B276D00848EBD /* Select3ViewController.swift */,
				937FC3C5241B2BA000848EBD /* Select4ViewController.swift */,
				937FC3CB241B32E200848EBD /* Select5ViewController.swift */,
				93802E9F243E027600CEBD59 /* Select6ViewController.swift */,
				937E54CF243617E700CCBB37 /* Select8ViewController.swift */,
				937FC3CD241B346800848EBD /* Select9ViewController.swift */,
			);
			path = SelectViewController;
			sourceTree = "<group>";
		};
		936598C42433526600DCAC99 /* Frameworks */ = {
			isa = PBXGroup;
			children = (
				93765C89243366B0005C006A /* KakaoMessageTemplate.framework */,
				936598C62433526600DCAC99 /* KakaoCommon.framework */,
				936598C52433526600DCAC99 /* KakaoLink.framework */,
				936598C72433526600DCAC99 /* KakaoOpenSDK.framework */,
				E25F79830CC5A9A6CC983F6E /* Pods_Calculator_Plus.framework */,
			);
			name = Frameworks;
			sourceTree = "<group>";
		};
		93D70FE52417BE6D0040F035 = {
			isa = PBXGroup;
			children = (
				936C8CAE24334BF40077473E /* KakaoOpenSDK-Bridging-Header.h */,
				93D70FF02417BE6D0040F035 /* Calculator Plus */,
				93D70FEF2417BE6D0040F035 /* Products */,
				936598C42433526600DCAC99 /* Frameworks */,
				772C7B952FD7C7BBA080AF7D /* Pods */,
			);
			sourceTree = "<group>";
		};
		93D70FEF2417BE6D0040F035 /* Products */ = {
			isa = PBXGroup;
			children = (
				93D70FEE2417BE6D0040F035 /* DontCalculate.app */,
			);
			name = Products;
			sourceTree = "<group>";
		};
		93D70FF02417BE6D0040F035 /* Calculator Plus */ = {
			isa = PBXGroup;
			children = (
				8729779225BEC170009948C6 /* test */,
				87E9980B25BB19280009C199 /* brain */,
				93FB6450243CAB8B00A30B34 /* fonts */,
				87EC6C9D25B9DB1D00B789EA /* SelectViewController */,
				87089C2D25B9BC060083D1EB /* ShowViewController */,
				93D70FF12417BE6D0040F035 /* AppDelegate.swift */,
				93D70FF72417BE6D0040F035 /* Main.storyboard */,
				93D70FF32417BE6D0040F035 /* SceneDelegate.swift */,
				9337B91524B6CB3D000AB51F /* AlertExtension.swift */,
				93765C8E243386E9005C006A /* StoryLinkHelper.swift */,
				93D70FFA2417BE6E0040F035 /* Assets.xcassets */,
				93D70FFC2417BE6E0040F035 /* LaunchScreen.storyboard */,
				93D70FFF2417BE6E0040F035 /* Info.plist */,
			);
			path = "Calculator Plus";
			sourceTree = "<group>";
		};
		93FB6450243CAB8B00A30B34 /* fonts */ = {
			isa = PBXGroup;
			children = (
				7782C76924CEAFFC006FDC01 /* HGGGOTHICSSI_PRO_00G.otf */,
				7782C76A24CEAFFC006FDC01 /* HGGGOTHICSSI_PRO_20G.otf */,
				7782C76824CEAFFC006FDC01 /* HGGGOTHICSSI_PRO_40G.otf */,
				7782C76524CEAFFB006FDC01 /* HGGGOTHICSSI_PRO_60G.otf */,
				7782C76724CEAFFB006FDC01 /* HGGGOTHICSSI_PRO_80G.otf */,
				7782C76624CEAFFB006FDC01 /* HGGGOTHICSSI_PRO_99G.otf */,
			);
			path = fonts;
			sourceTree = "<group>";
		};
/* End PBXGroup section */

/* Begin PBXNativeTarget section */
		93D70FED2417BE6D0040F035 /* Calculator Plus */ = {
			isa = PBXNativeTarget;
			buildConfigurationList = 93D710022417BE6E0040F035 /* Build configuration list for PBXNativeTarget "Calculator Plus" */;
			buildPhases = (
				21C5348CA06BC25994AF9846 /* [CP] Check Pods Manifest.lock */,
				93D70FEA2417BE6D0040F035 /* Sources */,
				93D70FEB2417BE6D0040F035 /* Frameworks */,
				93D70FEC2417BE6D0040F035 /* Resources */,
				A8BE4FF272FDBB48CD99DD2B /* [CP] Embed Pods Frameworks */,
			);
			buildRules = (
			);
			dependencies = (
			);
			name = "Calculator Plus";
			productName = "Calculator Plus";
			productReference = 93D70FEE2417BE6D0040F035 /* DontCalculate.app */;
			productType = "com.apple.product-type.application";
		};
/* End PBXNativeTarget section */

/* Begin PBXProject section */
		93D70FE62417BE6D0040F035 /* Project object */ = {
			isa = PBXProject;
			attributes = {
				LastSwiftUpdateCheck = 1130;
				LastUpgradeCheck = 1130;
				ORGANIZATIONNAME = FreeDeveloper;
				TargetAttributes = {
					93D70FED2417BE6D0040F035 = {
						CreatedOnToolsVersion = 11.3.1;
					};
				};
			};
			buildConfigurationList = 93D70FE92417BE6D0040F035 /* Build configuration list for PBXProject "Calculator Plus" */;
			compatibilityVersion = "Xcode 9.3";
			developmentRegion = en;
			hasScannedForEncodings = 0;
			knownRegions = (
				en,
				Base,
			);
			mainGroup = 93D70FE52417BE6D0040F035;
			productRefGroup = 93D70FEF2417BE6D0040F035 /* Products */;
			projectDirPath = "";
			projectRoot = "";
			targets = (
				93D70FED2417BE6D0040F035 /* Calculator Plus */,
			);
		};
/* End PBXProject section */

/* Begin PBXResourcesBuildPhase section */
		93D70FEC2417BE6D0040F035 /* Resources */ = {
			isa = PBXResourcesBuildPhase;
			buildActionMask = 2147483647;
			files = (
				93D70FFE2417BE6E0040F035 /* LaunchScreen.storyboard in Resources */,
				7782C76E24CEAFFC006FDC01 /* HGGGOTHICSSI_PRO_40G.otf in Resources */,
				7782C76C24CEAFFC006FDC01 /* HGGGOTHICSSI_PRO_99G.otf in Resources */,
				7782C76D24CEAFFC006FDC01 /* HGGGOTHICSSI_PRO_80G.otf in Resources */,
				7782C76F24CEAFFC006FDC01 /* HGGGOTHICSSI_PRO_00G.otf in Resources */,
				93D70FFB2417BE6E0040F035 /* Assets.xcassets in Resources */,
				7782C76B24CEAFFC006FDC01 /* HGGGOTHICSSI_PRO_60G.otf in Resources */,
				93D70FF92417BE6D0040F035 /* Main.storyboard in Resources */,
				7782C77024CEAFFC006FDC01 /* HGGGOTHICSSI_PRO_20G.otf in Resources */,
			);
			runOnlyForDeploymentPostprocessing = 0;
		};
/* End PBXResourcesBuildPhase section */

/* Begin PBXShellScriptBuildPhase section */
		21C5348CA06BC25994AF9846 /* [CP] Check Pods Manifest.lock */ = {
			isa = PBXShellScriptBuildPhase;
			buildActionMask = 2147483647;
			files = (
			);
			inputFileListPaths = (
			);
			inputPaths = (
				"${PODS_PODFILE_DIR_PATH}/Podfile.lock",
				"${PODS_ROOT}/Manifest.lock",
			);
			name = "[CP] Check Pods Manifest.lock";
			outputFileListPaths = (
			);
			outputPaths = (
				"$(DERIVED_FILE_DIR)/Pods-Calculator Plus-checkManifestLockResult.txt",
			);
			runOnlyForDeploymentPostprocessing = 0;
			shellPath = /bin/sh;
			shellScript = "diff \"${PODS_PODFILE_DIR_PATH}/Podfile.lock\" \"${PODS_ROOT}/Manifest.lock\" > /dev/null\nif [ $? != 0 ] ; then\n    # print error to STDERR\n    echo \"error: The sandbox is not in sync with the Podfile.lock. Run 'pod install' or update your CocoaPods installation.\" >&2\n    exit 1\nfi\n# This output is used by Xcode 'outputs' to avoid re-running this script phase.\necho \"SUCCESS\" > \"${SCRIPT_OUTPUT_FILE_0}\"\n";
			showEnvVarsInLog = 0;
		};
		A8BE4FF272FDBB48CD99DD2B /* [CP] Embed Pods Frameworks */ = {
			isa = PBXShellScriptBuildPhase;
			buildActionMask = 2147483647;
			files = (
			);
			inputFileListPaths = (
				"${PODS_ROOT}/Target Support Files/Pods-Calculator Plus/Pods-Calculator Plus-frameworks-${CONFIGURATION}-input-files.xcfilelist",
			);
			name = "[CP] Embed Pods Frameworks";
			outputFileListPaths = (
				"${PODS_ROOT}/Target Support Files/Pods-Calculator Plus/Pods-Calculator Plus-frameworks-${CONFIGURATION}-output-files.xcfilelist",
			);
			runOnlyForDeploymentPostprocessing = 0;
			shellPath = /bin/sh;
			shellScript = "\"${PODS_ROOT}/Target Support Files/Pods-Calculator Plus/Pods-Calculator Plus-frameworks.sh\"\n";
			showEnvVarsInLog = 0;
		};
/* End PBXShellScriptBuildPhase section */

/* Begin PBXSourcesBuildPhase section */
		93D70FEA2417BE6D0040F035 /* Sources */ = {
			isa = PBXSourcesBuildPhase;
			buildActionMask = 2147483647;
			files = (
				93D70FF62417BE6D0040F035 /* MainViewController.swift in Sources */,
				9331EA8A241B41FB0072A01B /* Show3_2ViewController.swift in Sources */,
				93CC43662423AB4D00A2BEC4 /* Show2_1ViewController.swift in Sources */,
				87DA4BA225BDAE75000B0864 /* AboutViewController.swift in Sources */,
				936F4F2E242C891400E78644 /* Show6_1ViewController.swift in Sources */,
				937E54D22436198700CCBB37 /* Show8_2ViewController.swift in Sources */,
				876C321E25BF264900A5DD9F /* Show3_4ViewController2.swift in Sources */,
				936F4F34242C894300E78644 /* Show9_1ViewController.swift in Sources */,
				937FC3C6241B2BA000848EBD /* Select4ViewController.swift in Sources */,
				936F4F30242C892700E78644 /* Show7ViewController.swift in Sources */,
				936F4F26242C88C400E78644 /* Show4_2ViewController.swift in Sources */,
				9331EA8E241B448D0072A01B /* Show3_3ViewController.swift in Sources */,
				936F4F24242C889700E78644 /* Show4_1ViewController.swift in Sources */,
				936F4F28242C88DC00E78644 /* Show5_3ViewController.swift in Sources */,
				93765C8F243386E9005C006A /* StoryLinkHelper.swift in Sources */,
				9331EA90241B449B0072A01B /* Show3_4ViewController.swift in Sources */,
				936F4F2A242C88ED00E78644 /* Show5_2ViewController.swift in Sources */,
				87F581B225BEC2EE00B4913A /* Show3_1ViewController2.swift in Sources */,
				93184EE12425AC740089EE15 /* Show2_2ViewController.swift in Sources */,
				930458F6241A315500ADC73A /* Select2ViewController.swift in Sources */,
				876C321B25BF264600A5DD9F /* Show3_3ViewController2.swift in Sources */,
				93D70FF22417BE6D0040F035 /* AppDelegate.swift in Sources */,
				93802EA0243E027600CEBD59 /* Select6ViewController.swift in Sources */,
				93802E9E243E024F00CEBD59 /* Show6_2ViewController.swift in Sources */,
				87B37A0725C1AB6900877F65 /* Show8_3ViewController.swift in Sources */,
				937E54D0243617E700CCBB37 /* Select8ViewController.swift in Sources */,
				936F4F38242C8AAD00E78644 /* CalculaterViewController.swift in Sources */,
				93B2E45924B6C9A200020AAD /* Show3_1ViewController.swift in Sources */,
				936F4F2C242C88FE00E78644 /* Show5_1ViewController.swift in Sources */,
				878CE93025BD58E300FDD6E1 /* Money.swift in Sources */,
				87E9980D25BB19860009C199 /* Calculate.swift in Sources */,
				936F4F36242C895100E78644 /* Show9_2ViewController.swift in Sources */,
				87C28C3E25BB271F00F084B4 /* Kakao.swift in Sources */,
				937FC3CC241B32E200848EBD /* Select5ViewController.swift in Sources */,
				87A60D7B25BF25B000D872B2 /* Show3_2ViewController2.swift in Sources */,
				937FC3C4241B276D00848EBD /* Select3ViewController.swift in Sources */,
				937FC3CE241B346800848EBD /* Select9ViewController.swift in Sources */,
				9337B91624B6CB3D000AB51F /* AlertExtension.swift in Sources */,
				93D70FF42417BE6D0040F035 /* SceneDelegate.swift in Sources */,
				936F4F32242C893500E78644 /* Show8_1ViewController.swift in Sources */,
			);
			runOnlyForDeploymentPostprocessing = 0;
		};
/* End PBXSourcesBuildPhase section */

/* Begin PBXVariantGroup section */
		93D70FF72417BE6D0040F035 /* Main.storyboard */ = {
			isa = PBXVariantGroup;
			children = (
				93D70FF82417BE6D0040F035 /* Base */,
			);
			name = Main.storyboard;
			sourceTree = "<group>";
		};
		93D70FFC2417BE6E0040F035 /* LaunchScreen.storyboard */ = {
			isa = PBXVariantGroup;
			children = (
				93D70FFD2417BE6E0040F035 /* Base */,
			);
			name = LaunchScreen.storyboard;
			sourceTree = "<group>";
		};
/* End PBXVariantGroup section */

/* Begin XCBuildConfiguration section */
		93D710002417BE6E0040F035 /* Debug */ = {
			isa = XCBuildConfiguration;
			buildSettings = {
				ALWAYS_SEARCH_USER_PATHS = NO;
				CLANG_ANALYZER_NONNULL = YES;
				CLANG_ANALYZER_NUMBER_OBJECT_CONVERSION = YES_AGGRESSIVE;
				CLANG_CXX_LANGUAGE_STANDARD = "gnu++14";
				CLANG_CXX_LIBRARY = "libc++";
				CLANG_ENABLE_MODULES = YES;
				CLANG_ENABLE_OBJC_ARC = YES;
				CLANG_ENABLE_OBJC_WEAK = YES;
				CLANG_WARN_BLOCK_CAPTURE_AUTORELEASING = YES;
				CLANG_WARN_BOOL_CONVERSION = YES;
				CLANG_WARN_COMMA = YES;
				CLANG_WARN_CONSTANT_CONVERSION = YES;
				CLANG_WARN_DEPRECATED_OBJC_IMPLEMENTATIONS = YES;
				CLANG_WARN_DIRECT_OBJC_ISA_USAGE = YES_ERROR;
				CLANG_WARN_DOCUMENTATION_COMMENTS = YES;
				CLANG_WARN_EMPTY_BODY = YES;
				CLANG_WARN_ENUM_CONVERSION = YES;
				CLANG_WARN_INFINITE_RECURSION = YES;
				CLANG_WARN_INT_CONVERSION = YES;
				CLANG_WARN_NON_LITERAL_NULL_CONVERSION = YES;
				CLANG_WARN_OBJC_IMPLICIT_RETAIN_SELF = YES;
				CLANG_WARN_OBJC_LITERAL_CONVERSION = YES;
				CLANG_WARN_OBJC_ROOT_CLASS = YES_ERROR;
				CLANG_WARN_RANGE_LOOP_ANALYSIS = YES;
				CLANG_WARN_STRICT_PROTOTYPES = YES;
				CLANG_WARN_SUSPICIOUS_MOVE = YES;
				CLANG_WARN_UNGUARDED_AVAILABILITY = YES_AGGRESSIVE;
				CLANG_WARN_UNREACHABLE_CODE = YES;
				CLANG_WARN__DUPLICATE_METHOD_MATCH = YES;
				COPY_PHASE_STRIP = NO;
				DEBUG_INFORMATION_FORMAT = dwarf;
				ENABLE_STRICT_OBJC_MSGSEND = YES;
				ENABLE_TESTABILITY = YES;
				GCC_C_LANGUAGE_STANDARD = gnu11;
				GCC_DYNAMIC_NO_PIC = NO;
				GCC_NO_COMMON_BLOCKS = YES;
				GCC_OPTIMIZATION_LEVEL = 0;
				GCC_PREPROCESSOR_DEFINITIONS = (
					"DEBUG=1",
					"$(inherited)",
				);
				GCC_WARN_64_TO_32_BIT_CONVERSION = YES;
				GCC_WARN_ABOUT_RETURN_TYPE = YES_ERROR;
				GCC_WARN_UNDECLARED_SELECTOR = YES;
				GCC_WARN_UNINITIALIZED_AUTOS = YES_AGGRESSIVE;
				GCC_WARN_UNUSED_FUNCTION = YES;
				GCC_WARN_UNUSED_VARIABLE = YES;
				IPHONEOS_DEPLOYMENT_TARGET = 13.2;
				MTL_ENABLE_DEBUG_INFO = INCLUDE_SOURCE;
				MTL_FAST_MATH = YES;
				ONLY_ACTIVE_ARCH = YES;
				SDKROOT = iphoneos;
				SWIFT_ACTIVE_COMPILATION_CONDITIONS = DEBUG;
				SWIFT_OPTIMIZATION_LEVEL = "-Onone";
			};
			name = Debug;
		};
		93D710012417BE6E0040F035 /* Release */ = {
			isa = XCBuildConfiguration;
			buildSettings = {
				ALWAYS_SEARCH_USER_PATHS = NO;
				CLANG_ANALYZER_NONNULL = YES;
				CLANG_ANALYZER_NUMBER_OBJECT_CONVERSION = YES_AGGRESSIVE;
				CLANG_CXX_LANGUAGE_STANDARD = "gnu++14";
				CLANG_CXX_LIBRARY = "libc++";
				CLANG_ENABLE_MODULES = YES;
				CLANG_ENABLE_OBJC_ARC = YES;
				CLANG_ENABLE_OBJC_WEAK = YES;
				CLANG_WARN_BLOCK_CAPTURE_AUTORELEASING = YES;
				CLANG_WARN_BOOL_CONVERSION = YES;
				CLANG_WARN_COMMA = YES;
				CLANG_WARN_CONSTANT_CONVERSION = YES;
				CLANG_WARN_DEPRECATED_OBJC_IMPLEMENTATIONS = YES;
				CLANG_WARN_DIRECT_OBJC_ISA_USAGE = YES_ERROR;
				CLANG_WARN_DOCUMENTATION_COMMENTS = YES;
				CLANG_WARN_EMPTY_BODY = YES;
				CLANG_WARN_ENUM_CONVERSION = YES;
				CLANG_WARN_INFINITE_RECURSION = YES;
				CLANG_WARN_INT_CONVERSION = YES;
				CLANG_WARN_NON_LITERAL_NULL_CONVERSION = YES;
				CLANG_WARN_OBJC_IMPLICIT_RETAIN_SELF = YES;
				CLANG_WARN_OBJC_LITERAL_CONVERSION = YES;
				CLANG_WARN_OBJC_ROOT_CLASS = YES_ERROR;
				CLANG_WARN_RANGE_LOOP_ANALYSIS = YES;
				CLANG_WARN_STRICT_PROTOTYPES = YES;
				CLANG_WARN_SUSPICIOUS_MOVE = YES;
				CLANG_WARN_UNGUARDED_AVAILABILITY = YES_AGGRESSIVE;
				CLANG_WARN_UNREACHABLE_CODE = YES;
				CLANG_WARN__DUPLICATE_METHOD_MATCH = YES;
				COPY_PHASE_STRIP = NO;
				DEBUG_INFORMATION_FORMAT = "dwarf-with-dsym";
				ENABLE_NS_ASSERTIONS = NO;
				ENABLE_STRICT_OBJC_MSGSEND = YES;
				GCC_C_LANGUAGE_STANDARD = gnu11;
				GCC_NO_COMMON_BLOCKS = YES;
				GCC_WARN_64_TO_32_BIT_CONVERSION = YES;
				GCC_WARN_ABOUT_RETURN_TYPE = YES_ERROR;
				GCC_WARN_UNDECLARED_SELECTOR = YES;
				GCC_WARN_UNINITIALIZED_AUTOS = YES_AGGRESSIVE;
				GCC_WARN_UNUSED_FUNCTION = YES;
				GCC_WARN_UNUSED_VARIABLE = YES;
				IPHONEOS_DEPLOYMENT_TARGET = 13.2;
				MTL_ENABLE_DEBUG_INFO = NO;
				MTL_FAST_MATH = YES;
				SDKROOT = iphoneos;
				SWIFT_COMPILATION_MODE = wholemodule;
				SWIFT_OPTIMIZATION_LEVEL = "-O";
				VALIDATE_PRODUCT = YES;
			};
			name = Release;
		};
		93D710032417BE6E0040F035 /* Debug */ = {
			isa = XCBuildConfiguration;
			baseConfigurationReference = 58664863A7A6AFFE0C15C266 /* Pods-Calculator Plus.debug.xcconfig */;
			buildSettings = {
				ASSETCATALOG_COMPILER_APPICON_NAME = AppIcon;
				CODE_SIGN_IDENTITY = "Apple Development";
				CODE_SIGN_STYLE = Automatic;
				CURRENT_PROJECT_VERSION = 62;
				DEVELOPMENT_TEAM = 2C96RNDN63;
				FRAMEWORK_SEARCH_PATHS = (
					"$(inherited)",
					"$(PROJECT_DIR)",
				);
				INFOPLIST_FILE = "Calculator Plus/Info.plist";
				IPHONEOS_DEPLOYMENT_TARGET = 13.2;
				LD_RUNPATH_SEARCH_PATHS = (
					"$(inherited)",
					"@executable_path/Frameworks",
				);
				MACH_O_TYPE = mh_execute;
				MARKETING_VERSION = 3.4;
				OTHER_LDFLAGS = "-all_load";
				PRODUCT_BUNDLE_IDENTIFIER = com.freedeveloper.CalculatorPlus;
				PRODUCT_NAME = DontCalculate;
				PROVISIONING_PROFILE_SPECIFIER = "";
				SWIFT_OBJC_BRIDGING_HEADER = "$(SRCROOT)/KakaoOpenSDK-Bridging-Header.h";
				SWIFT_VERSION = 5.0;
				TARGETED_DEVICE_FAMILY = 1;
			};
			name = Debug;
		};
		93D710042417BE6E0040F035 /* Release */ = {
			isa = XCBuildConfiguration;
			baseConfigurationReference = 923AD7BC9EA3EDF10A4CBF8F /* Pods-Calculator Plus.release.xcconfig */;
			buildSettings = {
				ASSETCATALOG_COMPILER_APPICON_NAME = AppIcon;
				CODE_SIGN_IDENTITY = "Apple Development";
				CODE_SIGN_STYLE = Automatic;
				CURRENT_PROJECT_VERSION = 62;
				DEVELOPMENT_TEAM = 2C96RNDN63;
				FRAMEWORK_SEARCH_PATHS = (
					"$(inherited)",
					"$(PROJECT_DIR)",
				);
				INFOPLIST_FILE = "Calculator Plus/Info.plist";
				IPHONEOS_DEPLOYMENT_TARGET = 13.2;
				LD_RUNPATH_SEARCH_PATHS = (
					"$(inherited)",
					"@executable_path/Frameworks",
				);
				MACH_O_TYPE = mh_execute;
				MARKETING_VERSION = 3.4;
				OTHER_LDFLAGS = "-all_load";
				PRODUCT_BUNDLE_IDENTIFIER = com.freedeveloper.CalculatorPlus;
				PRODUCT_NAME = DontCalculate;
				PROVISIONING_PROFILE_SPECIFIER = "";
				SWIFT_OBJC_BRIDGING_HEADER = "$(SRCROOT)/KakaoOpenSDK-Bridging-Header.h";
				SWIFT_VERSION = 5.0;
				TARGETED_DEVICE_FAMILY = 1;
			};
			name = Release;
		};
/* End XCBuildConfiguration section */

/* Begin XCConfigurationList section */
		93D70FE92417BE6D0040F035 /* Build configuration list for PBXProject "Calculator Plus" */ = {
			isa = XCConfigurationList;
			buildConfigurations = (
				93D710002417BE6E0040F035 /* Debug */,
				93D710012417BE6E0040F035 /* Release */,
			);
			defaultConfigurationIsVisible = 0;
			defaultConfigurationName = Release;
		};
		93D710022417BE6E0040F035 /* Build configuration list for PBXNativeTarget "Calculator Plus" */ = {
			isa = XCConfigurationList;
			buildConfigurations = (
				93D710032417BE6E0040F035 /* Debug */,
				93D710042417BE6E0040F035 /* Release */,
			);
			defaultConfigurationIsVisible = 0;
			defaultConfigurationName = Release;
		};
/* End XCConfigurationList section */
	};
	rootObject = 93D70FE62417BE6D0040F035 /* Project object */;
}
